// !$*UTF8*$!
{
	archiveVersion = 1;
	classes = {
	};
	objectVersion = 46;
	objects = {

/* Begin PBXBuildFile section */
		2437C5A703FB45AC8DB19159 /* libPods.a in Frameworks */ = {isa = PBXBuildFile; fileRef = 161DEAD26C1043BC9F84DB02 /* libPods.a */; };
		343491D717CF914500C857F8 /* SenTestingKit.framework in Frameworks */ = {isa = PBXBuildFile; fileRef = 347BBD5917CCE92B00BE0E85 /* SenTestingKit.framework */; };
		343491D817CF914500C857F8 /* UIKit.framework in Frameworks */ = {isa = PBXBuildFile; fileRef = 347BBD3517CCE92B00BE0E85 /* UIKit.framework */; };
		343491D917CF914500C857F8 /* Foundation.framework in Frameworks */ = {isa = PBXBuildFile; fileRef = 347BBD3717CCE92B00BE0E85 /* Foundation.framework */; };
		343491DF17CF914500C857F8 /* InfoPlist.strings in Resources */ = {isa = PBXBuildFile; fileRef = 343491DD17CF914500C857F8 /* InfoPlist.strings */; };
		343491E717CF915900C857F8 /* MBDataImporterTests.m in Sources */ = {isa = PBXBuildFile; fileRef = 3495816317CE4C230050A47D /* MBDataImporterTests.m */; };
		343491E817CF915F00C857F8 /* MBDataCommunicatorTests.m in Sources */ = {isa = PBXBuildFile; fileRef = 3495817117CE61BA0050A47D /* MBDataCommunicatorTests.m */; };
		343491E917CF917000C857F8 /* MBHomeViewController.m in Sources */ = {isa = PBXBuildFile; fileRef = 3446718017CD545B00469B39 /* MBHomeViewController.m */; };
		343491EA17CF917300C857F8 /* MBLandingScreenViewController.m in Sources */ = {isa = PBXBuildFile; fileRef = 347BBD5117CCE92B00BE0E85 /* MBLandingScreenViewController.m */; };
		343491EB17CF917600C857F8 /* MBLoginViewController.m in Sources */ = {isa = PBXBuildFile; fileRef = 347BBD7217CCEFE500BE0E85 /* MBLoginViewController.m */; };
		343491EC17CF917900C857F8 /* MBDataImporter.m in Sources */ = {isa = PBXBuildFile; fileRef = 3495815F17CE4AE10050A47D /* MBDataImporter.m */; };
		343491ED17CF917C00C857F8 /* MBDataCommunicator.m in Sources */ = {isa = PBXBuildFile; fileRef = 3495816A17CE502E0050A47D /* MBDataCommunicator.m */; };
		343491EE17CF917F00C857F8 /* MBSuitUpViewController.m in Sources */ = {isa = PBXBuildFile; fileRef = 347BBD7617CCF1F300BE0E85 /* MBSuitUpViewController.m */; };
		343491F017CF91D400C857F8 /* libPods.a in Frameworks */ = {isa = PBXBuildFile; fileRef = 343491EF17CF91D400C857F8 /* libPods.a */; };
		343491F117CF920700C857F8 /* libz.dylib in Frameworks */ = {isa = PBXBuildFile; fileRef = 3446716D17CD22B900469B39 /* libz.dylib */; };
		343491F217CF92D000C857F8 /* CoreData.framework in Frameworks */ = {isa = PBXBuildFile; fileRef = 34C70D7B17CD0747001AE7D2 /* CoreData.framework */; };
		343491F317CF92D600C857F8 /* CoreGraphics.framework in Frameworks */ = {isa = PBXBuildFile; fileRef = 347BBD3917CCE92B00BE0E85 /* CoreGraphics.framework */; };
		343491F417CF92E200C857F8 /* MBUser.m in Sources */ = {isa = PBXBuildFile; fileRef = 3495815717CE43980050A47D /* MBUser.m */; };
		3434920517D0E88700C857F8 /* MBCredentialManager.m in Sources */ = {isa = PBXBuildFile; fileRef = 3434920417D0E88700C857F8 /* MBCredentialManager.m */; };
		3434920617D0E88700C857F8 /* MBCredentialManager.m in Sources */ = {isa = PBXBuildFile; fileRef = 3434920417D0E88700C857F8 /* MBCredentialManager.m */; };
		3445C9A917D8CDB700399715 /* MBEventCollectionViewCell.xib in Resources */ = {isa = PBXBuildFile; fileRef = 3445C9A817D8CDB700399715 /* MBEventCollectionViewCell.xib */; };
		3445C9AC17D8CDF600399715 /* title_ribbon.png in Resources */ = {isa = PBXBuildFile; fileRef = 3445C9AA17D8CDF600399715 /* title_ribbon.png */; };
		3445C9AD17D8CDF600399715 /* title_ribbon@2x.png in Resources */ = {isa = PBXBuildFile; fileRef = 3445C9AB17D8CDF600399715 /* title_ribbon@2x.png */; };
		3445C9AF17D8CE0600399715 /* primary.jpg in Resources */ = {isa = PBXBuildFile; fileRef = 3445C9AE17D8CE0600399715 /* primary.jpg */; };
		3445C9B217D8D05400399715 /* pl_icon.png in Resources */ = {isa = PBXBuildFile; fileRef = 3445C9B017D8D05400399715 /* pl_icon.png */; };
		3445C9B317D8D05400399715 /* pl_icon@2x.png in Resources */ = {isa = PBXBuildFile; fileRef = 3445C9B117D8D05400399715 /* pl_icon@2x.png */; };
		3445C9B617D8D33D00399715 /* MBEventCollectionViewCell.m in Sources */ = {isa = PBXBuildFile; fileRef = 3445C9B517D8D33D00399715 /* MBEventCollectionViewCell.m */; };
		3445C9B717D8D33D00399715 /* MBEventCollectionViewCell.m in Sources */ = {isa = PBXBuildFile; fileRef = 3445C9B517D8D33D00399715 /* MBEventCollectionViewCell.m */; };
		3445C9BA17D8E4AA00399715 /* MBFriendsCollectionView.m in Sources */ = {isa = PBXBuildFile; fileRef = 3445C9B917D8E4AA00399715 /* MBFriendsCollectionView.m */; };
		3445C9BB17D8E4AA00399715 /* MBFriendsCollectionView.m in Sources */ = {isa = PBXBuildFile; fileRef = 3445C9B917D8E4AA00399715 /* MBFriendsCollectionView.m */; };
		3446716C17CD225400469B39 /* libTestFlight.a in Frameworks */ = {isa = PBXBuildFile; fileRef = 34C70D8617CD152C001AE7D2 /* libTestFlight.a */; };
		3446716E17CD22B900469B39 /* libz.dylib in Frameworks */ = {isa = PBXBuildFile; fileRef = 3446716D17CD22B900469B39 /* libz.dylib */; };
		3446717117CD24AC00469B39 /* Default-568h@2x.png in Resources */ = {isa = PBXBuildFile; fileRef = 3446717017CD24AC00469B39 /* Default-568h@2x.png */; };
		3446717317CD24FD00469B39 /* Default@2x.png in Resources */ = {isa = PBXBuildFile; fileRef = 3446717217CD24FD00469B39 /* Default@2x.png */; };
		3446717517CD254600469B39 /* Default.png in Resources */ = {isa = PBXBuildFile; fileRef = 3446717417CD254600469B39 /* Default.png */; };
		3446717917CD273600469B39 /* wsresources_prod.plist in Resources */ = {isa = PBXBuildFile; fileRef = 3446717817CD273600469B39 /* wsresources_prod.plist */; };
		3446717C17CD465D00469B39 /* Security.framework in Frameworks */ = {isa = PBXBuildFile; fileRef = 3446717B17CD465D00469B39 /* Security.framework */; };
		3446717E17CD543400469B39 /* homeStoryBoard.storyboard in Resources */ = {isa = PBXBuildFile; fileRef = 3446717D17CD543400469B39 /* homeStoryBoard.storyboard */; };
		3446718117CD545B00469B39 /* MBHomeViewController.m in Sources */ = {isa = PBXBuildFile; fileRef = 3446718017CD545B00469B39 /* MBHomeViewController.m */; };
		347BBD3617CCE92B00BE0E85 /* UIKit.framework in Frameworks */ = {isa = PBXBuildFile; fileRef = 347BBD3517CCE92B00BE0E85 /* UIKit.framework */; };
		347BBD3817CCE92B00BE0E85 /* Foundation.framework in Frameworks */ = {isa = PBXBuildFile; fileRef = 347BBD3717CCE92B00BE0E85 /* Foundation.framework */; };
		347BBD4017CCE92B00BE0E85 /* InfoPlist.strings in Resources */ = {isa = PBXBuildFile; fileRef = 347BBD3E17CCE92B00BE0E85 /* InfoPlist.strings */; };
		347BBD4217CCE92B00BE0E85 /* main.m in Sources */ = {isa = PBXBuildFile; fileRef = 347BBD4117CCE92B00BE0E85 /* main.m */; };
		347BBD4617CCE92B00BE0E85 /* MBAppDelegate.m in Sources */ = {isa = PBXBuildFile; fileRef = 347BBD4517CCE92B00BE0E85 /* MBAppDelegate.m */; };
		347BBD4F17CCE92B00BE0E85 /* loginFlow.storyboard in Resources */ = {isa = PBXBuildFile; fileRef = 347BBD4D17CCE92B00BE0E85 /* loginFlow.storyboard */; };
		347BBD5217CCE92B00BE0E85 /* MBLandingScreenViewController.m in Sources */ = {isa = PBXBuildFile; fileRef = 347BBD5117CCE92B00BE0E85 /* MBLandingScreenViewController.m */; };
		347BBD7317CCEFE500BE0E85 /* MBLoginViewController.m in Sources */ = {isa = PBXBuildFile; fileRef = 347BBD7217CCEFE500BE0E85 /* MBLoginViewController.m */; };
		347BBD7717CCF1F300BE0E85 /* MBSuitUpViewController.m in Sources */ = {isa = PBXBuildFile; fileRef = 347BBD7617CCF1F300BE0E85 /* MBSuitUpViewController.m */; };
		347BBD7D17CCF7CD00BE0E85 /* MBSuitUpCell.m in Sources */ = {isa = PBXBuildFile; fileRef = 347BBD7C17CCF7CD00BE0E85 /* MBSuitUpCell.m */; };
		347BBD7F17CCF7E900BE0E85 /* MBSuitUpCell.xib in Resources */ = {isa = PBXBuildFile; fileRef = 347BBD7E17CCF7E900BE0E85 /* MBSuitUpCell.xib */; };
		3495815817CE43980050A47D /* MBUser.m in Sources */ = {isa = PBXBuildFile; fileRef = 3495815717CE43980050A47D /* MBUser.m */; };
		3495815C17CE47400050A47D /* MeetBall.xcdatamodeld in Sources */ = {isa = PBXBuildFile; fileRef = 3495815A17CE47400050A47D /* MeetBall.xcdatamodeld */; };
		3495816017CE4AE10050A47D /* MBDataImporter.m in Sources */ = {isa = PBXBuildFile; fileRef = 3495815F17CE4AE10050A47D /* MBDataImporter.m */; };
		3495816817CE4D340050A47D /* CoreGraphics.framework in Frameworks */ = {isa = PBXBuildFile; fileRef = 347BBD3917CCE92B00BE0E85 /* CoreGraphics.framework */; };
		3495816B17CE502E0050A47D /* MBDataCommunicator.m in Sources */ = {isa = PBXBuildFile; fileRef = 3495816A17CE502E0050A47D /* MBDataCommunicator.m */; };
		3495816E17CE5C230050A47D /* wsresource_dev.plist in Resources */ = {isa = PBXBuildFile; fileRef = 3495816D17CE5C230050A47D /* wsresource_dev.plist */; };
		3495817417CE62880050A47D /* MeetBallApp-Info.plist in Resources */ = {isa = PBXBuildFile; fileRef = 347BBD3D17CCE92B00BE0E85 /* MeetBallApp-Info.plist */; };
		34AF8CDC17D6641B0090D826 /* toolbar.png in Resources */ = {isa = PBXBuildFile; fileRef = 34AF8CDA17D6641B0090D826 /* toolbar.png */; };
		34AF8CDD17D6641B0090D826 /* toolbar@2x.png in Resources */ = {isa = PBXBuildFile; fileRef = 34AF8CDB17D6641B0090D826 /* toolbar@2x.png */; };
		34AF8CE017D6688E0090D826 /* dotz.png in Resources */ = {isa = PBXBuildFile; fileRef = 34AF8CDE17D6688E0090D826 /* dotz.png */; };
		34AF8CE117D6688E0090D826 /* dotz@2x.png in Resources */ = {isa = PBXBuildFile; fileRef = 34AF8CDF17D6688E0090D826 /* dotz@2x.png */; };
		34AF8CE417D66D080090D826 /* ballz.png in Resources */ = {isa = PBXBuildFile; fileRef = 34AF8CE217D66D080090D826 /* ballz.png */; };
		34AF8CE517D66D080090D826 /* ballz@2x.png in Resources */ = {isa = PBXBuildFile; fileRef = 34AF8CE317D66D080090D826 /* ballz@2x.png */; };
		34AF8CE817D66E8F0090D826 /* btn-cancel.png in Resources */ = {isa = PBXBuildFile; fileRef = 34AF8CE617D66E8F0090D826 /* btn-cancel.png */; };
		34AF8CE917D66E8F0090D826 /* btn-cancel@2x.png in Resources */ = {isa = PBXBuildFile; fileRef = 34AF8CE717D66E8F0090D826 /* btn-cancel@2x.png */; };
		34AF8CEC17D6805F0090D826 /* btn-blue.png in Resources */ = {isa = PBXBuildFile; fileRef = 34AF8CEA17D6805F0090D826 /* btn-blue.png */; };
		34AF8CED17D6805F0090D826 /* btn-blue@2x.png in Resources */ = {isa = PBXBuildFile; fileRef = 34AF8CEB17D6805F0090D826 /* btn-blue@2x.png */; };
		34AF8CF017D68B990090D826 /* MBForgotPasswordViewController.m in Sources */ = {isa = PBXBuildFile; fileRef = 34AF8CEF17D68B990090D826 /* MBForgotPasswordViewController.m */; };
		34AF8CF117D68B990090D826 /* MBForgotPasswordViewController.m in Sources */ = {isa = PBXBuildFile; fileRef = 34AF8CEF17D68B990090D826 /* MBForgotPasswordViewController.m */; };
		34AF8CF417D696690090D826 /* MeetBalls.m in Sources */ = {isa = PBXBuildFile; fileRef = 34AF8CF317D696690090D826 /* MeetBalls.m */; };
		34AF8CF517D696690090D826 /* MeetBalls.m in Sources */ = {isa = PBXBuildFile; fileRef = 34AF8CF317D696690090D826 /* MeetBalls.m */; };
		34AF8CF817D698F60090D826 /* MBHomeDataCommunicator.m in Sources */ = {isa = PBXBuildFile; fileRef = 34AF8CF717D698F60090D826 /* MBHomeDataCommunicator.m */; };
		34AF8CF917D698F60090D826 /* MBHomeDataCommunicator.m in Sources */ = {isa = PBXBuildFile; fileRef = 34AF8CF717D698F60090D826 /* MBHomeDataCommunicator.m */; };
		34AF8CFC17D784660090D826 /* navbar.png in Resources */ = {isa = PBXBuildFile; fileRef = 34AF8CFA17D784660090D826 /* navbar.png */; };
		34AF8CFD17D784660090D826 /* navbar.png in Resources */ = {isa = PBXBuildFile; fileRef = 34AF8CFA17D784660090D826 /* navbar.png */; };
		34AF8CFE17D784660090D826 /* navbar@2x.png in Resources */ = {isa = PBXBuildFile; fileRef = 34AF8CFB17D784660090D826 /* navbar@2x.png */; };
		34AF8CFF17D784660090D826 /* navbar@2x.png in Resources */ = {isa = PBXBuildFile; fileRef = 34AF8CFB17D784660090D826 /* navbar@2x.png */; };
		34C70D7717CD06B4001AE7D2 /* CoreLocation.framework in Frameworks */ = {isa = PBXBuildFile; fileRef = 34C70D7517CD06A1001AE7D2 /* CoreLocation.framework */; };
		34C70D7A17CD06CE001AE7D2 /* AddressBook.framework in Frameworks */ = {isa = PBXBuildFile; fileRef = 34C70D7817CD06C5001AE7D2 /* AddressBook.framework */; };
		34C70D7C17CD0747001AE7D2 /* CoreData.framework in Frameworks */ = {isa = PBXBuildFile; fileRef = 34C70D7B17CD0747001AE7D2 /* CoreData.framework */; };
		34C70D7E17CD0780001AE7D2 /* Accounts.framework in Frameworks */ = {isa = PBXBuildFile; fileRef = 34C70D7D17CD0780001AE7D2 /* Accounts.framework */; };
		34C70D8017CD07B5001AE7D2 /* Social.framework in Frameworks */ = {isa = PBXBuildFile; fileRef = 34C70D7F17CD07B5001AE7D2 /* Social.framework */; };
		34C70D8217CD1410001AE7D2 /* Icon.png in Resources */ = {isa = PBXBuildFile; fileRef = 34C70D8117CD1410001AE7D2 /* Icon.png */; };
		34C70D8417CD144D001AE7D2 /* Icon@2x.png in Resources */ = {isa = PBXBuildFile; fileRef = 34C70D8317CD144D001AE7D2 /* Icon@2x.png */; };
		34C70D8D17CD152C001AE7D2 /* README.md in Resources */ = {isa = PBXBuildFile; fileRef = 34C70D8717CD152C001AE7D2 /* README.md */; };
		34C70D8E17CD152C001AE7D2 /* release_notes.md in Resources */ = {isa = PBXBuildFile; fileRef = 34C70D8817CD152C001AE7D2 /* release_notes.md */; };
/* End PBXBuildFile section */

/* Begin PBXFileReference section */
		161DEAD26C1043BC9F84DB02 /* libPods.a */ = {isa = PBXFileReference; explicitFileType = archive.ar; includeInIndex = 0; path = libPods.a; sourceTree = BUILT_PRODUCTS_DIR; };
		2BE6291DE139430690C1E728 /* Pods.xcconfig */ = {isa = PBXFileReference; includeInIndex = 1; lastKnownFileType = text.xcconfig; name = Pods.xcconfig; path = Pods/Pods.xcconfig; sourceTree = SOURCE_ROOT; };
		343491D617CF914500C857F8 /* Unit Tests.octest */ = {isa = PBXFileReference; explicitFileType = wrapper.cfbundle; includeInIndex = 0; path = "Unit Tests.octest"; sourceTree = BUILT_PRODUCTS_DIR; };
		343491DC17CF914500C857F8 /* Unit Tests-Info.plist */ = {isa = PBXFileReference; lastKnownFileType = text.plist.xml; path = "Unit Tests-Info.plist"; sourceTree = "<group>"; };
		343491DE17CF914500C857F8 /* en */ = {isa = PBXFileReference; lastKnownFileType = text.plist.strings; name = en; path = en.lproj/InfoPlist.strings; sourceTree = "<group>"; };
		343491E317CF914500C857F8 /* Unit Tests-Prefix.pch */ = {isa = PBXFileReference; lastKnownFileType = sourcecode.c.h; path = "Unit Tests-Prefix.pch"; sourceTree = "<group>"; };
		343491EF17CF91D400C857F8 /* libPods.a */ = {isa = PBXFileReference; lastKnownFileType = archive.ar; name = libPods.a; path = "../Pods/build/Release-iphoneos/libPods.a"; sourceTree = "<group>"; };
		3434920317D0E88700C857F8 /* MBCredentialManager.h */ = {isa = PBXFileReference; fileEncoding = 4; lastKnownFileType = sourcecode.c.h; path = MBCredentialManager.h; sourceTree = "<group>"; };
		3434920417D0E88700C857F8 /* MBCredentialManager.m */ = {isa = PBXFileReference; fileEncoding = 4; lastKnownFileType = sourcecode.c.objc; path = MBCredentialManager.m; sourceTree = "<group>"; };
		3445C9A817D8CDB700399715 /* MBEventCollectionViewCell.xib */ = {isa = PBXFileReference; fileEncoding = 4; lastKnownFileType = file.xib; path = MBEventCollectionViewCell.xib; sourceTree = "<group>"; };
		3445C9AA17D8CDF600399715 /* title_ribbon.png */ = {isa = PBXFileReference; lastKnownFileType = image.png; path = title_ribbon.png; sourceTree = "<group>"; };
		3445C9AB17D8CDF600399715 /* title_ribbon@2x.png */ = {isa = PBXFileReference; lastKnownFileType = image.png; path = "title_ribbon@2x.png"; sourceTree = "<group>"; };
		3445C9AE17D8CE0600399715 /* primary.jpg */ = {isa = PBXFileReference; lastKnownFileType = image.jpeg; path = primary.jpg; sourceTree = "<group>"; };
		3445C9B017D8D05400399715 /* pl_icon.png */ = {isa = PBXFileReference; lastKnownFileType = image.png; path = pl_icon.png; sourceTree = "<group>"; };
		3445C9B117D8D05400399715 /* pl_icon@2x.png */ = {isa = PBXFileReference; lastKnownFileType = image.png; path = "pl_icon@2x.png"; sourceTree = "<group>"; };
		3445C9B417D8D33D00399715 /* MBEventCollectionViewCell.h */ = {isa = PBXFileReference; fileEncoding = 4; lastKnownFileType = sourcecode.c.h; path = MBEventCollectionViewCell.h; sourceTree = "<group>"; };
		3445C9B517D8D33D00399715 /* MBEventCollectionViewCell.m */ = {isa = PBXFileReference; fileEncoding = 4; lastKnownFileType = sourcecode.c.objc; path = MBEventCollectionViewCell.m; sourceTree = "<group>"; };
		3445C9B817D8E4AA00399715 /* MBFriendsCollectionView.h */ = {isa = PBXFileReference; fileEncoding = 4; lastKnownFileType = sourcecode.c.h; path = MBFriendsCollectionView.h; sourceTree = "<group>"; };
		3445C9B917D8E4AA00399715 /* MBFriendsCollectionView.m */ = {isa = PBXFileReference; fileEncoding = 4; lastKnownFileType = sourcecode.c.objc; path = MBFriendsCollectionView.m; sourceTree = "<group>"; };
		3446716D17CD22B900469B39 /* libz.dylib */ = {isa = PBXFileReference; lastKnownFileType = "compiled.mach-o.dylib"; name = libz.dylib; path = usr/lib/libz.dylib; sourceTree = SDKROOT; };
		3446717017CD24AC00469B39 /* Default-568h@2x.png */ = {isa = PBXFileReference; lastKnownFileType = image.png; name = "Default-568h@2x.png"; path = "../Default-568h@2x.png"; sourceTree = "<group>"; };
		3446717217CD24FD00469B39 /* Default@2x.png */ = {isa = PBXFileReference; lastKnownFileType = image.png; path = "Default@2x.png"; sourceTree = "<group>"; };
		3446717417CD254600469B39 /* Default.png */ = {isa = PBXFileReference; lastKnownFileType = image.png; path = Default.png; sourceTree = "<group>"; };
		3446717817CD273600469B39 /* wsresources_prod.plist */ = {isa = PBXFileReference; fileEncoding = 4; lastKnownFileType = text.plist.xml; path = wsresources_prod.plist; sourceTree = "<group>"; };
		3446717B17CD465D00469B39 /* Security.framework */ = {isa = PBXFileReference; lastKnownFileType = wrapper.framework; name = Security.framework; path = System/Library/Frameworks/Security.framework; sourceTree = SDKROOT; };
		3446717D17CD543400469B39 /* homeStoryBoard.storyboard */ = {isa = PBXFileReference; fileEncoding = 4; lastKnownFileType = file.storyboard; path = homeStoryBoard.storyboard; sourceTree = "<group>"; };
		3446717F17CD545B00469B39 /* MBHomeViewController.h */ = {isa = PBXFileReference; fileEncoding = 4; lastKnownFileType = sourcecode.c.h; path = MBHomeViewController.h; sourceTree = "<group>"; };
		3446718017CD545B00469B39 /* MBHomeViewController.m */ = {isa = PBXFileReference; fileEncoding = 4; lastKnownFileType = sourcecode.c.objc; path = MBHomeViewController.m; sourceTree = "<group>"; };
		347BBD3217CCE92B00BE0E85 /* MeetBall Lite.app */ = {isa = PBXFileReference; explicitFileType = wrapper.application; includeInIndex = 0; path = "MeetBall Lite.app"; sourceTree = BUILT_PRODUCTS_DIR; };
		347BBD3517CCE92B00BE0E85 /* UIKit.framework */ = {isa = PBXFileReference; lastKnownFileType = wrapper.framework; name = UIKit.framework; path = System/Library/Frameworks/UIKit.framework; sourceTree = SDKROOT; };
		347BBD3717CCE92B00BE0E85 /* Foundation.framework */ = {isa = PBXFileReference; lastKnownFileType = wrapper.framework; name = Foundation.framework; path = System/Library/Frameworks/Foundation.framework; sourceTree = SDKROOT; };
		347BBD3917CCE92B00BE0E85 /* CoreGraphics.framework */ = {isa = PBXFileReference; lastKnownFileType = wrapper.framework; name = CoreGraphics.framework; path = System/Library/Frameworks/CoreGraphics.framework; sourceTree = SDKROOT; };
		347BBD3D17CCE92B00BE0E85 /* MeetBallApp-Info.plist */ = {isa = PBXFileReference; lastKnownFileType = text.plist.xml; path = "MeetBallApp-Info.plist"; sourceTree = "<group>"; };
		347BBD3F17CCE92B00BE0E85 /* en */ = {isa = PBXFileReference; lastKnownFileType = text.plist.strings; name = en; path = en.lproj/InfoPlist.strings; sourceTree = "<group>"; };
		347BBD4117CCE92B00BE0E85 /* main.m */ = {isa = PBXFileReference; lastKnownFileType = sourcecode.c.objc; path = main.m; sourceTree = "<group>"; };
		347BBD4317CCE92B00BE0E85 /* MeetBallApp-Prefix.pch */ = {isa = PBXFileReference; lastKnownFileType = sourcecode.c.h; path = "MeetBallApp-Prefix.pch"; sourceTree = "<group>"; };
		347BBD4417CCE92B00BE0E85 /* MBAppDelegate.h */ = {isa = PBXFileReference; lastKnownFileType = sourcecode.c.h; path = MBAppDelegate.h; sourceTree = "<group>"; };
		347BBD4517CCE92B00BE0E85 /* MBAppDelegate.m */ = {isa = PBXFileReference; lastKnownFileType = sourcecode.c.objc; path = MBAppDelegate.m; sourceTree = "<group>"; };
		347BBD4E17CCE92B00BE0E85 /* en */ = {isa = PBXFileReference; lastKnownFileType = file.storyboard; name = en; path = en.lproj/loginFlow.storyboard; sourceTree = "<group>"; };
		347BBD5017CCE92B00BE0E85 /* MBLandingScreenViewController.h */ = {isa = PBXFileReference; lastKnownFileType = sourcecode.c.h; path = MBLandingScreenViewController.h; sourceTree = "<group>"; };
		347BBD5117CCE92B00BE0E85 /* MBLandingScreenViewController.m */ = {isa = PBXFileReference; lastKnownFileType = sourcecode.c.objc; path = MBLandingScreenViewController.m; sourceTree = "<group>"; };
		347BBD5917CCE92B00BE0E85 /* SenTestingKit.framework */ = {isa = PBXFileReference; lastKnownFileType = wrapper.framework; name = SenTestingKit.framework; path = Library/Frameworks/SenTestingKit.framework; sourceTree = DEVELOPER_DIR; };
		347BBD7117CCEFE500BE0E85 /* MBLoginViewController.h */ = {isa = PBXFileReference; fileEncoding = 4; lastKnownFileType = sourcecode.c.h; path = MBLoginViewController.h; sourceTree = "<group>"; };
		347BBD7217CCEFE500BE0E85 /* MBLoginViewController.m */ = {isa = PBXFileReference; fileEncoding = 4; lastKnownFileType = sourcecode.c.objc; path = MBLoginViewController.m; sourceTree = "<group>"; };
		347BBD7517CCF1F300BE0E85 /* MBSuitUpViewController.h */ = {isa = PBXFileReference; fileEncoding = 4; lastKnownFileType = sourcecode.c.h; path = MBSuitUpViewController.h; sourceTree = "<group>"; };
		347BBD7617CCF1F300BE0E85 /* MBSuitUpViewController.m */ = {isa = PBXFileReference; fileEncoding = 4; lastKnownFileType = sourcecode.c.objc; path = MBSuitUpViewController.m; sourceTree = "<group>"; };
		347BBD7B17CCF7CD00BE0E85 /* MBSuitUpCell.h */ = {isa = PBXFileReference; fileEncoding = 4; lastKnownFileType = sourcecode.c.h; path = MBSuitUpCell.h; sourceTree = "<group>"; };
		347BBD7C17CCF7CD00BE0E85 /* MBSuitUpCell.m */ = {isa = PBXFileReference; fileEncoding = 4; lastKnownFileType = sourcecode.c.objc; path = MBSuitUpCell.m; sourceTree = "<group>"; };
		347BBD7E17CCF7E900BE0E85 /* MBSuitUpCell.xib */ = {isa = PBXFileReference; fileEncoding = 4; lastKnownFileType = file.xib; path = MBSuitUpCell.xib; sourceTree = "<group>"; };
		3495815617CE43980050A47D /* MBUser.h */ = {isa = PBXFileReference; fileEncoding = 4; lastKnownFileType = sourcecode.c.h; name = MBUser.h; path = MeetBallApp/MBUser.h; sourceTree = "<group>"; };
		3495815717CE43980050A47D /* MBUser.m */ = {isa = PBXFileReference; fileEncoding = 4; lastKnownFileType = sourcecode.c.objc; name = MBUser.m; path = MeetBallApp/MBUser.m; sourceTree = "<group>"; };
		3495815B17CE47400050A47D /* MeetBall.xcdatamodel */ = {isa = PBXFileReference; lastKnownFileType = wrapper.xcdatamodel; path = MeetBall.xcdatamodel; sourceTree = "<group>"; };
		3495815E17CE4AE10050A47D /* MBDataImporter.h */ = {isa = PBXFileReference; fileEncoding = 4; lastKnownFileType = sourcecode.c.h; path = MBDataImporter.h; sourceTree = "<group>"; };
		3495815F17CE4AE10050A47D /* MBDataImporter.m */ = {isa = PBXFileReference; fileEncoding = 4; lastKnownFileType = sourcecode.c.objc; path = MBDataImporter.m; sourceTree = "<group>"; };
		3495816217CE4C230050A47D /* MBDataImporterTests.h */ = {isa = PBXFileReference; fileEncoding = 4; lastKnownFileType = sourcecode.c.h; name = MBDataImporterTests.h; path = ../MeetBallApp/MBDataImporterTests.h; sourceTree = "<group>"; };
		3495816317CE4C230050A47D /* MBDataImporterTests.m */ = {isa = PBXFileReference; fileEncoding = 4; lastKnownFileType = sourcecode.c.objc; name = MBDataImporterTests.m; path = ../MeetBallApp/MBDataImporterTests.m; sourceTree = "<group>"; };
		3495816917CE502E0050A47D /* MBDataCommunicator.h */ = {isa = PBXFileReference; fileEncoding = 4; lastKnownFileType = sourcecode.c.h; path = MBDataCommunicator.h; sourceTree = "<group>"; };
		3495816A17CE502E0050A47D /* MBDataCommunicator.m */ = {isa = PBXFileReference; fileEncoding = 4; lastKnownFileType = sourcecode.c.objc; path = MBDataCommunicator.m; sourceTree = "<group>"; };
		3495816D17CE5C230050A47D /* wsresource_dev.plist */ = {isa = PBXFileReference; fileEncoding = 4; lastKnownFileType = text.plist.xml; path = wsresource_dev.plist; sourceTree = "<group>"; };
		3495817017CE61BA0050A47D /* MBDataCommunicatorTests.h */ = {isa = PBXFileReference; fileEncoding = 4; lastKnownFileType = sourcecode.c.h; name = MBDataCommunicatorTests.h; path = ../MBDataCommunicatorTests.h; sourceTree = "<group>"; };
		3495817117CE61BA0050A47D /* MBDataCommunicatorTests.m */ = {isa = PBXFileReference; fileEncoding = 4; lastKnownFileType = sourcecode.c.objc; name = MBDataCommunicatorTests.m; path = ../MBDataCommunicatorTests.m; sourceTree = "<group>"; };
		34AF8CDA17D6641B0090D826 /* toolbar.png */ = {isa = PBXFileReference; lastKnownFileType = image.png; path = toolbar.png; sourceTree = "<group>"; };
		34AF8CDB17D6641B0090D826 /* toolbar@2x.png */ = {isa = PBXFileReference; lastKnownFileType = image.png; path = "toolbar@2x.png"; sourceTree = "<group>"; };
		34AF8CDE17D6688E0090D826 /* dotz.png */ = {isa = PBXFileReference; lastKnownFileType = image.png; path = dotz.png; sourceTree = "<group>"; };
		34AF8CDF17D6688E0090D826 /* dotz@2x.png */ = {isa = PBXFileReference; lastKnownFileType = image.png; path = "dotz@2x.png"; sourceTree = "<group>"; };
		34AF8CE217D66D080090D826 /* ballz.png */ = {isa = PBXFileReference; lastKnownFileType = image.png; path = ballz.png; sourceTree = "<group>"; };
		34AF8CE317D66D080090D826 /* ballz@2x.png */ = {isa = PBXFileReference; lastKnownFileType = image.png; path = "ballz@2x.png"; sourceTree = "<group>"; };
		34AF8CE617D66E8F0090D826 /* btn-cancel.png */ = {isa = PBXFileReference; lastKnownFileType = image.png; path = "btn-cancel.png"; sourceTree = "<group>"; };
		34AF8CE717D66E8F0090D826 /* btn-cancel@2x.png */ = {isa = PBXFileReference; lastKnownFileType = image.png; path = "btn-cancel@2x.png"; sourceTree = "<group>"; };
		34AF8CEA17D6805F0090D826 /* btn-blue.png */ = {isa = PBXFileReference; lastKnownFileType = image.png; path = "btn-blue.png"; sourceTree = "<group>"; };
		34AF8CEB17D6805F0090D826 /* btn-blue@2x.png */ = {isa = PBXFileReference; lastKnownFileType = image.png; path = "btn-blue@2x.png"; sourceTree = "<group>"; };
		34AF8CEE17D68B980090D826 /* MBForgotPasswordViewController.h */ = {isa = PBXFileReference; fileEncoding = 4; lastKnownFileType = sourcecode.c.h; path = MBForgotPasswordViewController.h; sourceTree = "<group>"; };
		34AF8CEF17D68B990090D826 /* MBForgotPasswordViewController.m */ = {isa = PBXFileReference; fileEncoding = 4; lastKnownFileType = sourcecode.c.objc; path = MBForgotPasswordViewController.m; sourceTree = "<group>"; };
		34AF8CF217D696690090D826 /* MeetBalls.h */ = {isa = PBXFileReference; fileEncoding = 4; lastKnownFileType = sourcecode.c.h; path = MeetBalls.h; sourceTree = "<group>"; };
		34AF8CF317D696690090D826 /* MeetBalls.m */ = {isa = PBXFileReference; fileEncoding = 4; lastKnownFileType = sourcecode.c.objc; path = MeetBalls.m; sourceTree = "<group>"; };
		34AF8CF617D698F60090D826 /* MBHomeDataCommunicator.h */ = {isa = PBXFileReference; fileEncoding = 4; lastKnownFileType = sourcecode.c.h; path = MBHomeDataCommunicator.h; sourceTree = "<group>"; };
		34AF8CF717D698F60090D826 /* MBHomeDataCommunicator.m */ = {isa = PBXFileReference; fileEncoding = 4; lastKnownFileType = sourcecode.c.objc; path = MBHomeDataCommunicator.m; sourceTree = "<group>"; };
		34AF8CFA17D784660090D826 /* navbar.png */ = {isa = PBXFileReference; lastKnownFileType = image.png; path = navbar.png; sourceTree = "<group>"; };
		34AF8CFB17D784660090D826 /* navbar@2x.png */ = {isa = PBXFileReference; lastKnownFileType = image.png; path = "navbar@2x.png"; sourceTree = "<group>"; };
		34C70D7517CD06A1001AE7D2 /* CoreLocation.framework */ = {isa = PBXFileReference; lastKnownFileType = wrapper.framework; name = CoreLocation.framework; path = System/Library/Frameworks/CoreLocation.framework; sourceTree = SDKROOT; };
		34C70D7817CD06C5001AE7D2 /* AddressBook.framework */ = {isa = PBXFileReference; lastKnownFileType = wrapper.framework; name = AddressBook.framework; path = System/Library/Frameworks/AddressBook.framework; sourceTree = SDKROOT; };
		34C70D7B17CD0747001AE7D2 /* CoreData.framework */ = {isa = PBXFileReference; lastKnownFileType = wrapper.framework; name = CoreData.framework; path = System/Library/Frameworks/CoreData.framework; sourceTree = SDKROOT; };
		34C70D7D17CD0780001AE7D2 /* Accounts.framework */ = {isa = PBXFileReference; lastKnownFileType = wrapper.framework; name = Accounts.framework; path = System/Library/Frameworks/Accounts.framework; sourceTree = SDKROOT; };
		34C70D7F17CD07B5001AE7D2 /* Social.framework */ = {isa = PBXFileReference; lastKnownFileType = wrapper.framework; name = Social.framework; path = System/Library/Frameworks/Social.framework; sourceTree = SDKROOT; };
		34C70D8117CD1410001AE7D2 /* Icon.png */ = {isa = PBXFileReference; lastKnownFileType = image.png; path = Icon.png; sourceTree = "<group>"; };
		34C70D8317CD144D001AE7D2 /* Icon@2x.png */ = {isa = PBXFileReference; lastKnownFileType = image.png; path = "Icon@2x.png"; sourceTree = "<group>"; };
		34C70D8617CD152C001AE7D2 /* libTestFlight.a */ = {isa = PBXFileReference; lastKnownFileType = archive.ar; path = libTestFlight.a; sourceTree = "<group>"; };
		34C70D8717CD152C001AE7D2 /* README.md */ = {isa = PBXFileReference; fileEncoding = 4; lastKnownFileType = text; path = README.md; sourceTree = "<group>"; };
		34C70D8817CD152C001AE7D2 /* release_notes.md */ = {isa = PBXFileReference; fileEncoding = 4; lastKnownFileType = text; path = release_notes.md; sourceTree = "<group>"; };
		34C70D8917CD152C001AE7D2 /* TestFlight+AsyncLogging.h */ = {isa = PBXFileReference; fileEncoding = 4; lastKnownFileType = sourcecode.c.h; path = "TestFlight+AsyncLogging.h"; sourceTree = "<group>"; };
		34C70D8A17CD152C001AE7D2 /* TestFlight+ManualSessions.h */ = {isa = PBXFileReference; fileEncoding = 4; lastKnownFileType = sourcecode.c.h; path = "TestFlight+ManualSessions.h"; sourceTree = "<group>"; };
		34C70D8B17CD152C001AE7D2 /* TestFlight.h */ = {isa = PBXFileReference; fileEncoding = 4; lastKnownFileType = sourcecode.c.h; path = TestFlight.h; sourceTree = "<group>"; };
/* End PBXFileReference section */

/* Begin PBXFrameworksBuildPhase section */
		343491D217CF914500C857F8 /* Frameworks */ = {
			isa = PBXFrameworksBuildPhase;
			buildActionMask = 2147483647;
			files = (
				343491F317CF92D600C857F8 /* CoreGraphics.framework in Frameworks */,
				343491F217CF92D000C857F8 /* CoreData.framework in Frameworks */,
				343491F117CF920700C857F8 /* libz.dylib in Frameworks */,
				343491F017CF91D400C857F8 /* libPods.a in Frameworks */,
				343491D717CF914500C857F8 /* SenTestingKit.framework in Frameworks */,
				343491D817CF914500C857F8 /* UIKit.framework in Frameworks */,
				343491D917CF914500C857F8 /* Foundation.framework in Frameworks */,
			);
			runOnlyForDeploymentPostprocessing = 0;
		};
		347BBD2F17CCE92B00BE0E85 /* Frameworks */ = {
			isa = PBXFrameworksBuildPhase;
			buildActionMask = 2147483647;
			files = (
				3495816817CE4D340050A47D /* CoreGraphics.framework in Frameworks */,
				3446717C17CD465D00469B39 /* Security.framework in Frameworks */,
				3446716E17CD22B900469B39 /* libz.dylib in Frameworks */,
				347BBD3617CCE92B00BE0E85 /* UIKit.framework in Frameworks */,
				34C70D8017CD07B5001AE7D2 /* Social.framework in Frameworks */,
				34C70D7E17CD0780001AE7D2 /* Accounts.framework in Frameworks */,
				34C70D7C17CD0747001AE7D2 /* CoreData.framework in Frameworks */,
				34C70D7A17CD06CE001AE7D2 /* AddressBook.framework in Frameworks */,
				34C70D7717CD06B4001AE7D2 /* CoreLocation.framework in Frameworks */,
				347BBD3817CCE92B00BE0E85 /* Foundation.framework in Frameworks */,
				2437C5A703FB45AC8DB19159 /* libPods.a in Frameworks */,
				3446716C17CD225400469B39 /* libTestFlight.a in Frameworks */,
			);
			runOnlyForDeploymentPostprocessing = 0;
		};
/* End PBXFrameworksBuildPhase section */

/* Begin PBXGroup section */
		343491DA17CF914500C857F8 /* Unit Tests */ = {
			isa = PBXGroup;
			children = (
				343491EF17CF91D400C857F8 /* libPods.a */,
				3495816217CE4C230050A47D /* MBDataImporterTests.h */,
				3495816317CE4C230050A47D /* MBDataImporterTests.m */,
				3495817017CE61BA0050A47D /* MBDataCommunicatorTests.h */,
				3495817117CE61BA0050A47D /* MBDataCommunicatorTests.m */,
				343491DB17CF914500C857F8 /* Supporting Files */,
			);
			path = "Unit Tests";
			sourceTree = "<group>";
		};
		343491DB17CF914500C857F8 /* Supporting Files */ = {
			isa = PBXGroup;
			children = (
				343491DC17CF914500C857F8 /* Unit Tests-Info.plist */,
				343491DD17CF914500C857F8 /* InfoPlist.strings */,
				343491E317CF914500C857F8 /* Unit Tests-Prefix.pch */,
			);
			name = "Supporting Files";
			sourceTree = "<group>";
		};
		343491F517CFA74F00C857F8 /* Models */ = {
			isa = PBXGroup;
			children = (
				3495815617CE43980050A47D /* MBUser.h */,
				3495815717CE43980050A47D /* MBUser.m */,
				34AF8CF217D696690090D826 /* MeetBalls.h */,
				34AF8CF317D696690090D826 /* MeetBalls.m */,
			);
			name = Models;
			path = ..;
			sourceTree = "<group>";
		};
		343491FA17D0E26000C857F8 /* Common */ = {
			isa = PBXGroup;
			children = (
				343491F517CFA74F00C857F8 /* Models */,
				3434920317D0E88700C857F8 /* MBCredentialManager.h */,
				3434920417D0E88700C857F8 /* MBCredentialManager.m */,
			);
			name = Common;
			sourceTree = "<group>";
		};
		3446716F17CD244D00469B39 /* Resources */ = {
			isa = PBXGroup;
			children = (
				3446717617CD26FF00469B39 /* images */,
				3446717817CD273600469B39 /* wsresources_prod.plist */,
				3495816D17CE5C230050A47D /* wsresource_dev.plist */,
			);
			name = Resources;
			sourceTree = "<group>";
		};
		3446717617CD26FF00469B39 /* images */ = {
			isa = PBXGroup;
			children = (
				34AF8CEA17D6805F0090D826 /* btn-blue.png */,
				34AF8CEB17D6805F0090D826 /* btn-blue@2x.png */,
				34AF8CDE17D6688E0090D826 /* dotz.png */,
				34AF8CDF17D6688E0090D826 /* dotz@2x.png */,
				34AF8CE217D66D080090D826 /* ballz.png */,
				34AF8CE317D66D080090D826 /* ballz@2x.png */,
				34AF8CFA17D784660090D826 /* navbar.png */,
				34AF8CFB17D784660090D826 /* navbar@2x.png */,
				34AF8CDA17D6641B0090D826 /* toolbar.png */,
				34AF8CDB17D6641B0090D826 /* toolbar@2x.png */,
				34AF8CE617D66E8F0090D826 /* btn-cancel.png */,
				34AF8CE717D66E8F0090D826 /* btn-cancel@2x.png */,
				34C70D8317CD144D001AE7D2 /* Icon@2x.png */,
				34C70D8117CD1410001AE7D2 /* Icon.png */,
				3445C9AA17D8CDF600399715 /* title_ribbon.png */,
				3445C9AB17D8CDF600399715 /* title_ribbon@2x.png */,
				3445C9AE17D8CE0600399715 /* primary.jpg */,
				3445C9B017D8D05400399715 /* pl_icon.png */,
				3445C9B117D8D05400399715 /* pl_icon@2x.png */,
			);
			name = images;
			sourceTree = "<group>";
		};
		347BBD2917CCE92B00BE0E85 = {
			isa = PBXGroup;
			children = (
				3446716F17CD244D00469B39 /* Resources */,
				347BBD3B17CCE92B00BE0E85 /* MeetBallApp */,
				343491DA17CF914500C857F8 /* Unit Tests */,
				347BBD3417CCE92B00BE0E85 /* Frameworks */,
				347BBD3317CCE92B00BE0E85 /* Products */,
				2BE6291DE139430690C1E728 /* Pods.xcconfig */,
			);
			sourceTree = "<group>";
		};
		347BBD3317CCE92B00BE0E85 /* Products */ = {
			isa = PBXGroup;
			children = (
				347BBD3217CCE92B00BE0E85 /* MeetBall Lite.app */,
				343491D617CF914500C857F8 /* Unit Tests.octest */,
			);
			name = Products;
			sourceTree = "<group>";
		};
		347BBD3417CCE92B00BE0E85 /* Frameworks */ = {
			isa = PBXGroup;
			children = (
				3446717B17CD465D00469B39 /* Security.framework */,
				3446716D17CD22B900469B39 /* libz.dylib */,
				34C70D8517CD152C001AE7D2 /* TestFlightSDK2.0.0 */,
				34C70D7F17CD07B5001AE7D2 /* Social.framework */,
				34C70D7D17CD0780001AE7D2 /* Accounts.framework */,
				34C70D7B17CD0747001AE7D2 /* CoreData.framework */,
				34C70D7817CD06C5001AE7D2 /* AddressBook.framework */,
				34C70D7517CD06A1001AE7D2 /* CoreLocation.framework */,
				347BBD3517CCE92B00BE0E85 /* UIKit.framework */,
				347BBD3717CCE92B00BE0E85 /* Foundation.framework */,
				347BBD3917CCE92B00BE0E85 /* CoreGraphics.framework */,
				347BBD5917CCE92B00BE0E85 /* SenTestingKit.framework */,
				161DEAD26C1043BC9F84DB02 /* libPods.a */,
			);
			name = Frameworks;
			sourceTree = "<group>";
		};
		347BBD3B17CCE92B00BE0E85 /* MeetBallApp */ = {
			isa = PBXGroup;
			children = (
				343491FA17D0E26000C857F8 /* Common */,
				347BBD7A17CCF49C00BE0E85 /* Main */,
				347BBD4417CCE92B00BE0E85 /* MBAppDelegate.h */,
				347BBD4517CCE92B00BE0E85 /* MBAppDelegate.m */,
				347BBD7017CCEFBE00BE0E85 /* landing/login flow */,
				347BBD3C17CCE92B00BE0E85 /* Supporting Files */,
			);
			path = MeetBallApp;
			sourceTree = "<group>";
		};
		347BBD3C17CCE92B00BE0E85 /* Supporting Files */ = {
			isa = PBXGroup;
			children = (
				347BBD3D17CCE92B00BE0E85 /* MeetBallApp-Info.plist */,
				347BBD3E17CCE92B00BE0E85 /* InfoPlist.strings */,
				347BBD4117CCE92B00BE0E85 /* main.m */,
				347BBD4317CCE92B00BE0E85 /* MeetBallApp-Prefix.pch */,
				3446717417CD254600469B39 /* Default.png */,
				3446717217CD24FD00469B39 /* Default@2x.png */,
				3446717017CD24AC00469B39 /* Default-568h@2x.png */,
				3495815A17CE47400050A47D /* MeetBall.xcdatamodeld */,
			);
			name = "Supporting Files";
			sourceTree = "<group>";
		};
		347BBD7017CCEFBE00BE0E85 /* landing/login flow */ = {
			isa = PBXGroup;
			children = (
				347BBD4D17CCE92B00BE0E85 /* loginFlow.storyboard */,
				347BBD5017CCE92B00BE0E85 /* MBLandingScreenViewController.h */,
				347BBD5117CCE92B00BE0E85 /* MBLandingScreenViewController.m */,
				347BBD7117CCEFE500BE0E85 /* MBLoginViewController.h */,
				347BBD7217CCEFE500BE0E85 /* MBLoginViewController.m */,
				34AF8CEE17D68B980090D826 /* MBForgotPasswordViewController.h */,
				34AF8CEF17D68B990090D826 /* MBForgotPasswordViewController.m */,
				3495815E17CE4AE10050A47D /* MBDataImporter.h */,
				3495815F17CE4AE10050A47D /* MBDataImporter.m */,
				3495816917CE502E0050A47D /* MBDataCommunicator.h */,
				3495816A17CE502E0050A47D /* MBDataCommunicator.m */,
				347BBD7517CCF1F300BE0E85 /* MBSuitUpViewController.h */,
				347BBD7617CCF1F300BE0E85 /* MBSuitUpViewController.m */,
				347BBD7B17CCF7CD00BE0E85 /* MBSuitUpCell.h */,
				347BBD7C17CCF7CD00BE0E85 /* MBSuitUpCell.m */,
				347BBD7E17CCF7E900BE0E85 /* MBSuitUpCell.xib */,
			);
			name = "landing/login flow";
			sourceTree = "<group>";
		};
		347BBD7A17CCF49C00BE0E85 /* Main */ = {
			isa = PBXGroup;
			children = (
				3446717D17CD543400469B39 /* homeStoryBoard.storyboard */,
				3446717F17CD545B00469B39 /* MBHomeViewController.h */,
				3446718017CD545B00469B39 /* MBHomeViewController.m */,
				3445C9B817D8E4AA00399715 /* MBFriendsCollectionView.h */,
				3445C9B917D8E4AA00399715 /* MBFriendsCollectionView.m */,
				34AF8CF617D698F60090D826 /* MBHomeDataCommunicator.h */,
				34AF8CF717D698F60090D826 /* MBHomeDataCommunicator.m */,
				3445C9A817D8CDB700399715 /* MBEventCollectionViewCell.xib */,
				3445C9B417D8D33D00399715 /* MBEventCollectionViewCell.h */,
				3445C9B517D8D33D00399715 /* MBEventCollectionViewCell.m */,
			);
			name = Main;
			sourceTree = "<group>";
		};
		34C70D8517CD152C001AE7D2 /* TestFlightSDK2.0.0 */ = {
			isa = PBXGroup;
			children = (
				34C70D8617CD152C001AE7D2 /* libTestFlight.a */,
				34C70D8717CD152C001AE7D2 /* README.md */,
				34C70D8817CD152C001AE7D2 /* release_notes.md */,
				34C70D8917CD152C001AE7D2 /* TestFlight+AsyncLogging.h */,
				34C70D8A17CD152C001AE7D2 /* TestFlight+ManualSessions.h */,
				34C70D8B17CD152C001AE7D2 /* TestFlight.h */,
			);
			path = TestFlightSDK2.0.0;
			sourceTree = "<group>";
		};
/* End PBXGroup section */

/* Begin PBXNativeTarget section */
		343491D517CF914500C857F8 /* Unit Tests */ = {
			isa = PBXNativeTarget;
			buildConfigurationList = 343491E617CF914500C857F8 /* Build configuration list for PBXNativeTarget "Unit Tests" */;
			buildPhases = (
				343491D117CF914500C857F8 /* Sources */,
				343491D217CF914500C857F8 /* Frameworks */,
				343491D317CF914500C857F8 /* Resources */,
				343491D417CF914500C857F8 /* ShellScript */,
			);
			buildRules = (
			);
			dependencies = (
			);
			name = "Unit Tests";
			productName = "Unit Tests";
			productReference = 343491D617CF914500C857F8 /* Unit Tests.octest */;
			productType = "com.apple.product-type.bundle";
		};
		347BBD3117CCE92B00BE0E85 /* MeetBallApp */ = {
			isa = PBXNativeTarget;
			buildConfigurationList = 347BBD6A17CCE92B00BE0E85 /* Build configuration list for PBXNativeTarget "MeetBallApp" */;
			buildPhases = (
				5FEDFEE2593940309EC8E585 /* Check Pods Manifest.lock */,
				347BBD2E17CCE92B00BE0E85 /* Sources */,
				347BBD2F17CCE92B00BE0E85 /* Frameworks */,
				347BBD3017CCE92B00BE0E85 /* Resources */,
				ADD43F8F4CCB42398C67169D /* Copy Pods Resources */,
			);
			buildRules = (
			);
			dependencies = (
			);
			name = MeetBallApp;
			productName = MeetBallApp;
			productReference = 347BBD3217CCE92B00BE0E85 /* MeetBall Lite.app */;
			productType = "com.apple.product-type.application";
		};
/* End PBXNativeTarget section */

/* Begin PBXProject section */
		347BBD2A17CCE92B00BE0E85 /* Project object */ = {
			isa = PBXProject;
			attributes = {
				CLASSPREFIX = MB;
				LastUpgradeCheck = 0460;
				ORGANIZATIONNAME = MeetBall;
			};
			buildConfigurationList = 347BBD2D17CCE92B00BE0E85 /* Build configuration list for PBXProject "MeetBallApp" */;
			compatibilityVersion = "Xcode 3.2";
			developmentRegion = English;
			hasScannedForEncodings = 0;
			knownRegions = (
				en,
			);
			mainGroup = 347BBD2917CCE92B00BE0E85;
			productRefGroup = 347BBD3317CCE92B00BE0E85 /* Products */;
			projectDirPath = "";
			projectRoot = "";
			targets = (
				347BBD3117CCE92B00BE0E85 /* MeetBallApp */,
				343491D517CF914500C857F8 /* Unit Tests */,
			);
		};
/* End PBXProject section */

/* Begin PBXResourcesBuildPhase section */
		343491D317CF914500C857F8 /* Resources */ = {
			isa = PBXResourcesBuildPhase;
			buildActionMask = 2147483647;
			files = (
				343491DF17CF914500C857F8 /* InfoPlist.strings in Resources */,
				34AF8CFD17D784660090D826 /* navbar.png in Resources */,
				34AF8CFF17D784660090D826 /* navbar@2x.png in Resources */,
			);
			runOnlyForDeploymentPostprocessing = 0;
		};
		347BBD3017CCE92B00BE0E85 /* Resources */ = {
			isa = PBXResourcesBuildPhase;
			buildActionMask = 2147483647;
			files = (
				347BBD4017CCE92B00BE0E85 /* InfoPlist.strings in Resources */,
				347BBD4F17CCE92B00BE0E85 /* loginFlow.storyboard in Resources */,
				347BBD7F17CCF7E900BE0E85 /* MBSuitUpCell.xib in Resources */,
				34C70D8217CD1410001AE7D2 /* Icon.png in Resources */,
				34C70D8417CD144D001AE7D2 /* Icon@2x.png in Resources */,
				34C70D8D17CD152C001AE7D2 /* README.md in Resources */,
				34C70D8E17CD152C001AE7D2 /* release_notes.md in Resources */,
				3446717117CD24AC00469B39 /* Default-568h@2x.png in Resources */,
				3446717317CD24FD00469B39 /* Default@2x.png in Resources */,
				3446717517CD254600469B39 /* Default.png in Resources */,
				3446717917CD273600469B39 /* wsresources_prod.plist in Resources */,
				3446717E17CD543400469B39 /* homeStoryBoard.storyboard in Resources */,
				3495816E17CE5C230050A47D /* wsresource_dev.plist in Resources */,
				3495817417CE62880050A47D /* MeetBallApp-Info.plist in Resources */,
				34AF8CDC17D6641B0090D826 /* toolbar.png in Resources */,
				34AF8CDD17D6641B0090D826 /* toolbar@2x.png in Resources */,
				34AF8CE017D6688E0090D826 /* dotz.png in Resources */,
				34AF8CE117D6688E0090D826 /* dotz@2x.png in Resources */,
				34AF8CE417D66D080090D826 /* ballz.png in Resources */,
				34AF8CE517D66D080090D826 /* ballz@2x.png in Resources */,
				34AF8CE817D66E8F0090D826 /* btn-cancel.png in Resources */,
				34AF8CE917D66E8F0090D826 /* btn-cancel@2x.png in Resources */,
				34AF8CEC17D6805F0090D826 /* btn-blue.png in Resources */,
				34AF8CED17D6805F0090D826 /* btn-blue@2x.png in Resources */,
				34AF8CFC17D784660090D826 /* navbar.png in Resources */,
				34AF8CFE17D784660090D826 /* navbar@2x.png in Resources */,
				3445C9A917D8CDB700399715 /* MBEventCollectionViewCell.xib in Resources */,
				3445C9AC17D8CDF600399715 /* title_ribbon.png in Resources */,
				3445C9AD17D8CDF600399715 /* title_ribbon@2x.png in Resources */,
				3445C9AF17D8CE0600399715 /* primary.jpg in Resources */,
				3445C9B217D8D05400399715 /* pl_icon.png in Resources */,
				3445C9B317D8D05400399715 /* pl_icon@2x.png in Resources */,
			);
			runOnlyForDeploymentPostprocessing = 0;
		};
/* End PBXResourcesBuildPhase section */

/* Begin PBXShellScriptBuildPhase section */
		343491D417CF914500C857F8 /* ShellScript */ = {
			isa = PBXShellScriptBuildPhase;
			buildActionMask = 2147483647;
			files = (
			);
			inputPaths = (
			);
			outputPaths = (
			);
			runOnlyForDeploymentPostprocessing = 0;
			shellPath = /bin/sh;
			shellScript = "# Run the unit tests in this test bundle.\n\"${SYSTEM_DEVELOPER_DIR}/Tools/RunUnitTests\"\n";
		};
		5FEDFEE2593940309EC8E585 /* Check Pods Manifest.lock */ = {
			isa = PBXShellScriptBuildPhase;
			buildActionMask = 2147483647;
			files = (
			);
			inputPaths = (
			);
			name = "Check Pods Manifest.lock";
			outputPaths = (
			);
			runOnlyForDeploymentPostprocessing = 0;
			shellPath = /bin/sh;
			shellScript = "diff \"${PODS_ROOT}/../Podfile.lock\" \"${PODS_ROOT}/Manifest.lock\" > /dev/null\nif [[ $? != 0 ]] ; then\n    cat << EOM\nerror: The sandbox is not in sync with the Podfile.lock. Run 'pod install' or update your CocoaPods installation.\nEOM\n    exit 1\nfi\n";
			showEnvVarsInLog = 0;
		};
		ADD43F8F4CCB42398C67169D /* Copy Pods Resources */ = {
			isa = PBXShellScriptBuildPhase;
			buildActionMask = 2147483647;
			files = (
			);
			inputPaths = (
			);
			name = "Copy Pods Resources";
			outputPaths = (
			);
			runOnlyForDeploymentPostprocessing = 0;
			shellPath = /bin/sh;
			shellScript = "\"${SRCROOT}/Pods/Pods-resources.sh\"\n";
			showEnvVarsInLog = 0;
		};
/* End PBXShellScriptBuildPhase section */

/* Begin PBXSourcesBuildPhase section */
		343491D117CF914500C857F8 /* Sources */ = {
			isa = PBXSourcesBuildPhase;
			buildActionMask = 2147483647;
			files = (
				343491E717CF915900C857F8 /* MBDataImporterTests.m in Sources */,
				343491E817CF915F00C857F8 /* MBDataCommunicatorTests.m in Sources */,
				343491E917CF917000C857F8 /* MBHomeViewController.m in Sources */,
				343491EA17CF917300C857F8 /* MBLandingScreenViewController.m in Sources */,
				343491EB17CF917600C857F8 /* MBLoginViewController.m in Sources */,
				343491EC17CF917900C857F8 /* MBDataImporter.m in Sources */,
				343491ED17CF917C00C857F8 /* MBDataCommunicator.m in Sources */,
				343491EE17CF917F00C857F8 /* MBSuitUpViewController.m in Sources */,
				343491F417CF92E200C857F8 /* MBUser.m in Sources */,
				3434920617D0E88700C857F8 /* MBCredentialManager.m in Sources */,
				34AF8CF117D68B990090D826 /* MBForgotPasswordViewController.m in Sources */,
				34AF8CF517D696690090D826 /* MeetBalls.m in Sources */,
				34AF8CF917D698F60090D826 /* MBHomeDataCommunicator.m in Sources */,
				3445C9B717D8D33D00399715 /* MBEventCollectionViewCell.m in Sources */,
				3445C9BB17D8E4AA00399715 /* MBFriendsCollectionView.m in Sources */,
			);
			runOnlyForDeploymentPostprocessing = 0;
		};
		347BBD2E17CCE92B00BE0E85 /* Sources */ = {
			isa = PBXSourcesBuildPhase;
			buildActionMask = 2147483647;
			files = (
				347BBD4217CCE92B00BE0E85 /* main.m in Sources */,
				347BBD4617CCE92B00BE0E85 /* MBAppDelegate.m in Sources */,
				347BBD5217CCE92B00BE0E85 /* MBLandingScreenViewController.m in Sources */,
				347BBD7317CCEFE500BE0E85 /* MBLoginViewController.m in Sources */,
				347BBD7717CCF1F300BE0E85 /* MBSuitUpViewController.m in Sources */,
				347BBD7D17CCF7CD00BE0E85 /* MBSuitUpCell.m in Sources */,
				3446718117CD545B00469B39 /* MBHomeViewController.m in Sources */,
				3495815817CE43980050A47D /* MBUser.m in Sources */,
				3495815C17CE47400050A47D /* MeetBall.xcdatamodeld in Sources */,
				3495816017CE4AE10050A47D /* MBDataImporter.m in Sources */,
				3495816B17CE502E0050A47D /* MBDataCommunicator.m in Sources */,
				3434920517D0E88700C857F8 /* MBCredentialManager.m in Sources */,
				34AF8CF017D68B990090D826 /* MBForgotPasswordViewController.m in Sources */,
				34AF8CF417D696690090D826 /* MeetBalls.m in Sources */,
				34AF8CF817D698F60090D826 /* MBHomeDataCommunicator.m in Sources */,
				3445C9B617D8D33D00399715 /* MBEventCollectionViewCell.m in Sources */,
				3445C9BA17D8E4AA00399715 /* MBFriendsCollectionView.m in Sources */,
			);
			runOnlyForDeploymentPostprocessing = 0;
		};
/* End PBXSourcesBuildPhase section */

/* Begin PBXVariantGroup section */
		343491DD17CF914500C857F8 /* InfoPlist.strings */ = {
			isa = PBXVariantGroup;
			children = (
				343491DE17CF914500C857F8 /* en */,
			);
			name = InfoPlist.strings;
			sourceTree = "<group>";
		};
		347BBD3E17CCE92B00BE0E85 /* InfoPlist.strings */ = {
			isa = PBXVariantGroup;
			children = (
				347BBD3F17CCE92B00BE0E85 /* en */,
			);
			name = InfoPlist.strings;
			sourceTree = "<group>";
		};
		347BBD4D17CCE92B00BE0E85 /* loginFlow.storyboard */ = {
			isa = PBXVariantGroup;
			children = (
				347BBD4E17CCE92B00BE0E85 /* en */,
			);
			name = loginFlow.storyboard;
			sourceTree = "<group>";
		};
/* End PBXVariantGroup section */

/* Begin XCBuildConfiguration section */
		343491E417CF914500C857F8 /* Debug */ = {
			isa = XCBuildConfiguration;
			baseConfigurationReference = 2BE6291DE139430690C1E728 /* Pods.xcconfig */;
			buildSettings = {
				FRAMEWORK_SEARCH_PATHS = (
					"\"$(SDKROOT)/Developer/Library/Frameworks\"",
					"\"$(DEVELOPER_LIBRARY_DIR)/Frameworks\"",
				);
				GCC_PRECOMPILE_PREFIX_HEADER = YES;
				GCC_PREFIX_HEADER = "Unit Tests/Unit Tests-Prefix.pch";
				INFOPLIST_FILE = "Unit Tests/Unit Tests-Info.plist";
				PRODUCT_NAME = "$(TARGET_NAME)";
				WRAPPER_EXTENSION = octest;
			};
			name = Debug;
		};
		343491E517CF914500C857F8 /* Release */ = {
			isa = XCBuildConfiguration;
			buildSettings = {
				FRAMEWORK_SEARCH_PATHS = (
					"\"$(SDKROOT)/Developer/Library/Frameworks\"",
					"\"$(DEVELOPER_LIBRARY_DIR)/Frameworks\"",
				);
				GCC_PRECOMPILE_PREFIX_HEADER = YES;
				GCC_PREFIX_HEADER = "Unit Tests/Unit Tests-Prefix.pch";
				INFOPLIST_FILE = "Unit Tests/Unit Tests-Info.plist";
				PRODUCT_NAME = "$(TARGET_NAME)";
				WRAPPER_EXTENSION = octest;
			};
			name = Release;
		};
		347BBD6817CCE92B00BE0E85 /* Debug */ = {
			isa = XCBuildConfiguration;
			buildSettings = {
				ALWAYS_SEARCH_USER_PATHS = NO;
				CLANG_CXX_LANGUAGE_STANDARD = "gnu++0x";
				CLANG_CXX_LIBRARY = "libc++";
				CLANG_ENABLE_OBJC_ARC = YES;
				CLANG_WARN_CONSTANT_CONVERSION = YES;
				CLANG_WARN_EMPTY_BODY = YES;
				CLANG_WARN_ENUM_CONVERSION = YES;
				CLANG_WARN_INT_CONVERSION = YES;
				CLANG_WARN__DUPLICATE_METHOD_MATCH = YES;
				"CODE_SIGN_IDENTITY[sdk=iphoneos*]" = "iPhone Developer";
				COPY_PHASE_STRIP = NO;
				GCC_C_LANGUAGE_STANDARD = gnu99;
				GCC_DYNAMIC_NO_PIC = NO;
				GCC_OPTIMIZATION_LEVEL = 0;
				GCC_PREPROCESSOR_DEFINITIONS = (
					"DEBUG=1",
					"$(inherited)",
				);
				GCC_SYMBOLS_PRIVATE_EXTERN = NO;
				GCC_WARN_ABOUT_RETURN_TYPE = YES;
				GCC_WARN_UNINITIALIZED_AUTOS = YES;
				GCC_WARN_UNUSED_VARIABLE = YES;
				IPHONEOS_DEPLOYMENT_TARGET = 6.1;
				ONLY_ACTIVE_ARCH = YES;
				SDKROOT = iphoneos;
			};
			name = Debug;
		};
		347BBD6917CCE92B00BE0E85 /* Release */ = {
			isa = XCBuildConfiguration;
			buildSettings = {
				ALWAYS_SEARCH_USER_PATHS = NO;
				CLANG_CXX_LANGUAGE_STANDARD = "gnu++0x";
				CLANG_CXX_LIBRARY = "libc++";
				CLANG_ENABLE_OBJC_ARC = YES;
				CLANG_WARN_CONSTANT_CONVERSION = YES;
				CLANG_WARN_EMPTY_BODY = YES;
				CLANG_WARN_ENUM_CONVERSION = YES;
				CLANG_WARN_INT_CONVERSION = YES;
				CLANG_WARN__DUPLICATE_METHOD_MATCH = YES;
				"CODE_SIGN_IDENTITY[sdk=iphoneos*]" = "iPhone Developer";
				COPY_PHASE_STRIP = YES;
				GCC_C_LANGUAGE_STANDARD = gnu99;
				GCC_WARN_ABOUT_RETURN_TYPE = YES;
				GCC_WARN_UNINITIALIZED_AUTOS = YES;
				GCC_WARN_UNUSED_VARIABLE = YES;
				IPHONEOS_DEPLOYMENT_TARGET = 6.1;
				OTHER_CFLAGS = "-DNS_BLOCK_ASSERTIONS=1";
				SDKROOT = iphoneos;
				VALIDATE_PRODUCT = YES;
			};
			name = Release;
		};
		347BBD6B17CCE92B00BE0E85 /* Debug */ = {
			isa = XCBuildConfiguration;
			baseConfigurationReference = 2BE6291DE139430690C1E728 /* Pods.xcconfig */;
			buildSettings = {
				GCC_PRECOMPILE_PREFIX_HEADER = YES;
				GCC_PREFIX_HEADER = "MeetBallApp/MeetBallApp-Prefix.pch";
				INFOPLIST_FILE = "MeetBallApp/MeetBallApp-Info.plist";
				IPHONEOS_DEPLOYMENT_TARGET = 6.1;
				LIBRARY_SEARCH_PATHS = (
					"$(inherited)",
					"\"$(SRCROOT)/TestFlightSDK2.0.0\"",
				);
				PRODUCT_NAME = "MeetBall Lite";
				WRAPPER_EXTENSION = app;
			};
			name = Debug;
		};
		347BBD6C17CCE92B00BE0E85 /* Release */ = {
			isa = XCBuildConfiguration;
			baseConfigurationReference = 2BE6291DE139430690C1E728 /* Pods.xcconfig */;
			buildSettings = {
				CODE_SIGN_IDENTITY = "iPhone Distribution";
				"CODE_SIGN_IDENTITY[sdk=iphoneos*]" = "iPhone Distribution";
				GCC_PRECOMPILE_PREFIX_HEADER = YES;
				GCC_PREFIX_HEADER = "MeetBallApp/MeetBallApp-Prefix.pch";
				INFOPLIST_FILE = "MeetBallApp/MeetBallApp-Info.plist";
				IPHONEOS_DEPLOYMENT_TARGET = 6.1;
				LIBRARY_SEARCH_PATHS = (
					"$(inherited)",
					"\"$(SRCROOT)/TestFlightSDK2.0.0\"",
				);
				PRODUCT_NAME = "MeetBall Lite";
				PROVISIONING_PROFILE = "";
				"PROVISIONING_PROFILE[sdk=iphoneos*]" = "";
				WRAPPER_EXTENSION = app;
			};
			name = Release;
		};
/* End XCBuildConfiguration section */

/* Begin XCConfigurationList section */
		343491E617CF914500C857F8 /* Build configuration list for PBXNativeTarget "Unit Tests" */ = {
			isa = XCConfigurationList;
			buildConfigurations = (
				343491E417CF914500C857F8 /* Debug */,
				343491E517CF914500C857F8 /* Release */,
			);
			defaultConfigurationIsVisible = 0;
			defaultConfigurationName = Release;
		};
		347BBD2D17CCE92B00BE0E85 /* Build configuration list for PBXProject "MeetBallApp" */ = {
			isa = XCConfigurationList;
			buildConfigurations = (
				347BBD6817CCE92B00BE0E85 /* Debug */,
				347BBD6917CCE92B00BE0E85 /* Release */,
			);
			defaultConfigurationIsVisible = 0;
			defaultConfigurationName = Release;
		};
		347BBD6A17CCE92B00BE0E85 /* Build configuration list for PBXNativeTarget "MeetBallApp" */ = {
			isa = XCConfigurationList;
			buildConfigurations = (
				347BBD6B17CCE92B00BE0E85 /* Debug */,
				347BBD6C17CCE92B00BE0E85 /* Release */,
			);
			defaultConfigurationIsVisible = 0;
			defaultConfigurationName = Release;
		};
/* End XCConfigurationList section */

/* Begin XCVersionGroup section */
		3495815A17CE47400050A47D /* MeetBall.xcdatamodeld */ = {
			isa = XCVersionGroup;
			children = (
				3495815B17CE47400050A47D /* MeetBall.xcdatamodel */,
			);
			currentVersion = 3495815B17CE47400050A47D /* MeetBall.xcdatamodel */;
			path = MeetBall.xcdatamodeld;
			sourceTree = "<group>";
			versionGroupType = wrapper.xcdatamodel;
		};
/* End XCVersionGroup section */
	};
	rootObject = 347BBD2A17CCE92B00BE0E85 /* Project object */;
}
