// !$*UTF8*$!
{
	archiveVersion = 1;
	classes = {
	};
	objectVersion = 46;
	objects = {

/* Begin PBXBuildFile section */
		340F3C4417E8B18D00491CCB /* female_face.png in Resources */ = {isa = PBXBuildFile; fileRef = 340F3C4217E8B18D00491CCB /* female_face.png */; };
		340F3C4517E8B18D00491CCB /* male_face.jpg in Resources */ = {isa = PBXBuildFile; fileRef = 340F3C4317E8B18D00491CCB /* male_face.jpg */; };
		340F3C4917E8B1FF00491CCB /* Dan-Farris-003.jpg in Resources */ = {isa = PBXBuildFile; fileRef = 340F3C4617E8B1FF00491CCB /* Dan-Farris-003.jpg */; };
		340F3C4A17E8B1FF00491CCB /* dominic.jpg in Resources */ = {isa = PBXBuildFile; fileRef = 340F3C4717E8B1FF00491CCB /* dominic.jpg */; };
		340F3C4B17E8B1FF00491CCB /* naa.jpeg in Resources */ = {isa = PBXBuildFile; fileRef = 340F3C4817E8B1FF00491CCB /* naa.jpeg */; };
		340F3C4E17E8BA3D00491CCB /* TeamRosterStoryboard.storyboard in Resources */ = {isa = PBXBuildFile; fileRef = 340F3C4D17E8BA3D00491CCB /* TeamRosterStoryboard.storyboard */; };
		340F3C5117E8BB8700491CCB /* MBTeamRoserViewController.m in Sources */ = {isa = PBXBuildFile; fileRef = 340F3C5017E8BB8700491CCB /* MBTeamRoserViewController.m */; };
		340F3C5317E8C56C00491CCB /* AddressBookUI.framework in Frameworks */ = {isa = PBXBuildFile; fileRef = 340F3C5217E8C56C00491CCB /* AddressBookUI.framework */; };
		340F3C5617E8C73700491CCB /* MBPerson.m in Sources */ = {isa = PBXBuildFile; fileRef = 340F3C5517E8C73700491CCB /* MBPerson.m */; };
		340F3C5917E8CE1A00491CCB /* ProfileStoryboard.storyboard in Resources */ = {isa = PBXBuildFile; fileRef = 340F3C5817E8CE1A00491CCB /* ProfileStoryboard.storyboard */; };
		340F3C5C17E8CEAC00491CCB /* SettingsStoryboard.storyboard in Resources */ = {isa = PBXBuildFile; fileRef = 340F3C5B17E8CEAC00491CCB /* SettingsStoryboard.storyboard */; };
		340F3C5F17E9FB2000491CCB /* MBWebServiceManager.m in Sources */ = {isa = PBXBuildFile; fileRef = 340F3C5E17E9FB2000491CCB /* MBWebServiceManager.m */; };
		340F3C6517EA010100491CCB /* MBWebServiceConstants.m in Sources */ = {isa = PBXBuildFile; fileRef = 340F3C6417EA010100491CCB /* MBWebServiceConstants.m */; };
		340F3C8717EA119F00491CCB /* XCTest.framework in Frameworks */ = {isa = PBXBuildFile; fileRef = 340F3C7517EA096300491CCB /* XCTest.framework */; };
		340F3C8817EA119F00491CCB /* Foundation.framework in Frameworks */ = {isa = PBXBuildFile; fileRef = 347BBD3717CCE92B00BE0E85 /* Foundation.framework */; };
		340F3C8917EA119F00491CCB /* UIKit.framework in Frameworks */ = {isa = PBXBuildFile; fileRef = 347BBD3517CCE92B00BE0E85 /* UIKit.framework */; };
		340F3C8F17EA119F00491CCB /* InfoPlist.strings in Resources */ = {isa = PBXBuildFile; fileRef = 340F3C8D17EA119F00491CCB /* InfoPlist.strings */; };
		340F3C9817EA11AE00491CCB /* MBWebServiceManagerTests.m in Sources */ = {isa = PBXBuildFile; fileRef = 340F3C6117E9FCBE00491CCB /* MBWebServiceManagerTests.m */; };
		340F3C9917EA11F500491CCB /* MBWebServiceManager.m in Sources */ = {isa = PBXBuildFile; fileRef = 340F3C5E17E9FB2000491CCB /* MBWebServiceManager.m */; };
		340F3C9A17EA11F800491CCB /* MBWebServiceConstants.m in Sources */ = {isa = PBXBuildFile; fileRef = 340F3C6417EA010100491CCB /* MBWebServiceConstants.m */; };
		340F3C9C17EA12F300491CCB /* libPods.a in Frameworks */ = {isa = PBXBuildFile; fileRef = 161DEAD26C1043BC9F84DB02 /* libPods.a */; };
		340F3C9D17EA131700491CCB /* Accounts.framework in Frameworks */ = {isa = PBXBuildFile; fileRef = 34C70D7D17CD0780001AE7D2 /* Accounts.framework */; };
		340F3C9E17EA131700491CCB /* AddressBook.framework in Frameworks */ = {isa = PBXBuildFile; fileRef = 34C70D7817CD06C5001AE7D2 /* AddressBook.framework */; };
		340F3C9F17EA131700491CCB /* AddressBookUI.framework in Frameworks */ = {isa = PBXBuildFile; fileRef = 340F3C5217E8C56C00491CCB /* AddressBookUI.framework */; };
		340F3CA017EA131700491CCB /* CoreData.framework in Frameworks */ = {isa = PBXBuildFile; fileRef = 34C70D7B17CD0747001AE7D2 /* CoreData.framework */; };
		340F3CA117EA131700491CCB /* CoreImage.framework in Frameworks */ = {isa = PBXBuildFile; fileRef = 3477701717E7593200E804FE /* CoreImage.framework */; };
		340F3CA217EA131700491CCB /* CoreLocation.framework in Frameworks */ = {isa = PBXBuildFile; fileRef = 34C70D7517CD06A1001AE7D2 /* CoreLocation.framework */; };
		340F3CA317EA131700491CCB /* MapKit.framework in Frameworks */ = {isa = PBXBuildFile; fileRef = 346599DC17DE6856007CAE61 /* MapKit.framework */; };
		340F3CA417EA131700491CCB /* QuartzCore.framework in Frameworks */ = {isa = PBXBuildFile; fileRef = 34DE22BE17E3788600B99554 /* QuartzCore.framework */; };
		340F3CA517EA132A00491CCB /* MBUser.m in Sources */ = {isa = PBXBuildFile; fileRef = 3495815717CE43980050A47D /* MBUser.m */; };
		340F3CA617EA132D00491CCB /* MeetBalls.m in Sources */ = {isa = PBXBuildFile; fileRef = 34AF8CF317D696690090D826 /* MeetBalls.m */; };
		340F3CA717EA132F00491CCB /* MBPerson.m in Sources */ = {isa = PBXBuildFile; fileRef = 340F3C5517E8C73700491CCB /* MBPerson.m */; };
		340F3CA817EA133100491CCB /* MBCredentialManager.m in Sources */ = {isa = PBXBuildFile; fileRef = 3434920417D0E88700C857F8 /* MBCredentialManager.m */; };
		340F3CA917EA133400491CCB /* MBAnnotation.m in Sources */ = {isa = PBXBuildFile; fileRef = 34CEA38817E0C3A6008BEDE5 /* MBAnnotation.m */; };
		340F3CAA17EA133600491CCB /* MBMenuView.m in Sources */ = {isa = PBXBuildFile; fileRef = 3445C9C017D905E100399715 /* MBMenuView.m */; };
		340F3CAB17EA133900491CCB /* MBMenuNavigator.m in Sources */ = {isa = PBXBuildFile; fileRef = 3473046217E209590026CE10 /* MBMenuNavigator.m */; };
		340F3CAC17EA134000491CCB /* MBMyMeetBallsViewController.m in Sources */ = {isa = PBXBuildFile; fileRef = 3473045017E10EC30026CE10 /* MBMyMeetBallsViewController.m */; };
		340F3CAD17EA134200491CCB /* MBMeetBallDetailViewController.m in Sources */ = {isa = PBXBuildFile; fileRef = 3473046617E248210026CE10 /* MBMeetBallDetailViewController.m */; };
		340F3CAE17EA134500491CCB /* meetBallListTableViewCell.m in Sources */ = {isa = PBXBuildFile; fileRef = 3473045717E1167B0026CE10 /* meetBallListTableViewCell.m */; };
		340F3CAF17EA134900491CCB /* MBCommentsCollectionView.m in Sources */ = {isa = PBXBuildFile; fileRef = 3473045A17E116D50026CE10 /* MBCommentsCollectionView.m */; };
		340F3CB017EA134C00491CCB /* commentsCollectionViewCell.m in Sources */ = {isa = PBXBuildFile; fileRef = 3473045D17E11A3E0026CE10 /* commentsCollectionViewCell.m */; };
		340F3CB117EA134F00491CCB /* MBTeamRoserViewController.m in Sources */ = {isa = PBXBuildFile; fileRef = 340F3C5017E8BB8700491CCB /* MBTeamRoserViewController.m */; };
		340F3CB217EA135800491CCB /* MBHomeViewController.m in Sources */ = {isa = PBXBuildFile; fileRef = 3446718017CD545B00469B39 /* MBHomeViewController.m */; };
		340F3CB317EA135B00491CCB /* MBFriendsCollectionView.m in Sources */ = {isa = PBXBuildFile; fileRef = 3445C9B917D8E4AA00399715 /* MBFriendsCollectionView.m */; };
		340F3CB417EA135D00491CCB /* MBDetailsViewController.m in Sources */ = {isa = PBXBuildFile; fileRef = 344B514B17DA74E4000F31FB /* MBDetailsViewController.m */; };
		340F3CB517EA136000491CCB /* MBHomeDataCommunicator.m in Sources */ = {isa = PBXBuildFile; fileRef = 34AF8CF717D698F60090D826 /* MBHomeDataCommunicator.m */; };
		340F3CB617EA136200491CCB /* MBHomeMeetBallCollectionViewCell.m in Sources */ = {isa = PBXBuildFile; fileRef = 346599D917DE5F3E007CAE61 /* MBHomeMeetBallCollectionViewCell.m */; };
		340F3CB717EA136500491CCB /* MBEventCollectionViewCell.m in Sources */ = {isa = PBXBuildFile; fileRef = 3445C9B517D8D33D00399715 /* MBEventCollectionViewCell.m */; };
		340F3CB917EA13FB00491CCB /* MBLoginViewController.m in Sources */ = {isa = PBXBuildFile; fileRef = 347BBD7217CCEFE500BE0E85 /* MBLoginViewController.m */; };
		340F3CBA17EA13FF00491CCB /* MBForgotPasswordViewController.m in Sources */ = {isa = PBXBuildFile; fileRef = 34AF8CEF17D68B990090D826 /* MBForgotPasswordViewController.m */; };
		340F3CBB17EA140200491CCB /* MBDataImporter.m in Sources */ = {isa = PBXBuildFile; fileRef = 3495815F17CE4AE10050A47D /* MBDataImporter.m */; };
		340F3CBC17EA140400491CCB /* MBDataCommunicator.m in Sources */ = {isa = PBXBuildFile; fileRef = 3495816A17CE502E0050A47D /* MBDataCommunicator.m */; };
		340F3CBD17EA140600491CCB /* MBSuitUpViewController.m in Sources */ = {isa = PBXBuildFile; fileRef = 347BBD7617CCF1F300BE0E85 /* MBSuitUpViewController.m */; };
		340F3CBE17EA140A00491CCB /* MBSuitUpCell.m in Sources */ = {isa = PBXBuildFile; fileRef = 347BBD7C17CCF7CD00BE0E85 /* MBSuitUpCell.m */; };
		340F3CC917EA252A00491CCB /* MBLandingScreenViewController.m in Sources */ = {isa = PBXBuildFile; fileRef = 347BBD5117CCE92B00BE0E85 /* MBLandingScreenViewController.m */; };
		340F3CCD17EB47B000491CCB /* MBMathBlock.m in Sources */ = {isa = PBXBuildFile; fileRef = 340F3CCC17EB47B000491CCB /* MBMathBlock.m */; };
		340F3CCE17EB47B000491CCB /* MBMathBlock.m in Sources */ = {isa = PBXBuildFile; fileRef = 340F3CCC17EB47B000491CCB /* MBMathBlock.m */; };
		340F3CD017EB738300491CCB /* MBTipView.xib in Resources */ = {isa = PBXBuildFile; fileRef = 340F3CCF17EB738300491CCB /* MBTipView.xib */; };
		3434920517D0E88700C857F8 /* MBCredentialManager.m in Sources */ = {isa = PBXBuildFile; fileRef = 3434920417D0E88700C857F8 /* MBCredentialManager.m */; };
		3445C9A917D8CDB700399715 /* MBEventCollectionViewCell.xib in Resources */ = {isa = PBXBuildFile; fileRef = 3445C9A817D8CDB700399715 /* MBEventCollectionViewCell.xib */; };
		3445C9B617D8D33D00399715 /* MBEventCollectionViewCell.m in Sources */ = {isa = PBXBuildFile; fileRef = 3445C9B517D8D33D00399715 /* MBEventCollectionViewCell.m */; };
		3445C9BA17D8E4AA00399715 /* MBFriendsCollectionView.m in Sources */ = {isa = PBXBuildFile; fileRef = 3445C9B917D8E4AA00399715 /* MBFriendsCollectionView.m */; };
		3445C9C117D905E100399715 /* MBMenuView.m in Sources */ = {isa = PBXBuildFile; fileRef = 3445C9C017D905E100399715 /* MBMenuView.m */; };
		3445C9C317D905F300399715 /* MBMenuView.xib in Resources */ = {isa = PBXBuildFile; fileRef = 3445C9C217D905F300399715 /* MBMenuView.xib */; };
		3446716E17CD22B900469B39 /* libz.dylib in Frameworks */ = {isa = PBXBuildFile; fileRef = 3446716D17CD22B900469B39 /* libz.dylib */; };
		3446717917CD273600469B39 /* wsresources_prod.plist in Resources */ = {isa = PBXBuildFile; fileRef = 3446717817CD273600469B39 /* wsresources_prod.plist */; };
		3446717C17CD465D00469B39 /* Security.framework in Frameworks */ = {isa = PBXBuildFile; fileRef = 3446717B17CD465D00469B39 /* Security.framework */; };
		3446717E17CD543400469B39 /* homeStoryBoard.storyboard in Resources */ = {isa = PBXBuildFile; fileRef = 3446717D17CD543400469B39 /* homeStoryBoard.storyboard */; };
		3446718117CD545B00469B39 /* MBHomeViewController.m in Sources */ = {isa = PBXBuildFile; fileRef = 3446718017CD545B00469B39 /* MBHomeViewController.m */; };
		344B514C17DA74E4000F31FB /* MBDetailsViewController.m in Sources */ = {isa = PBXBuildFile; fileRef = 344B514B17DA74E4000F31FB /* MBDetailsViewController.m */; };
		346599D717DE5DC0007CAE61 /* MBHomeMeetBallCollectionViewCell.xib in Resources */ = {isa = PBXBuildFile; fileRef = 346599D617DE5DC0007CAE61 /* MBHomeMeetBallCollectionViewCell.xib */; };
		346599DA17DE5F3E007CAE61 /* MBHomeMeetBallCollectionViewCell.m in Sources */ = {isa = PBXBuildFile; fileRef = 346599D917DE5F3E007CAE61 /* MBHomeMeetBallCollectionViewCell.m */; };
		346599DE17DE687C007CAE61 /* MapKit.framework in Frameworks */ = {isa = PBXBuildFile; fileRef = 346599DC17DE6856007CAE61 /* MapKit.framework */; };
		3473044317E0D2CC0026CE10 /* libPods.a in Frameworks */ = {isa = PBXBuildFile; fileRef = 3473044217E0D2CC0026CE10 /* libPods.a */; };
		3473044617E0D42F0026CE10 /* Images.xcassets in Resources */ = {isa = PBXBuildFile; fileRef = 3473044517E0D42F0026CE10 /* Images.xcassets */; };
		3473045117E10EC30026CE10 /* MBMyMeetBallsViewController.m in Sources */ = {isa = PBXBuildFile; fileRef = 3473045017E10EC30026CE10 /* MBMyMeetBallsViewController.m */; };
		3473045317E10EDA0026CE10 /* myMeetBallsStoryBoard.storyboard in Resources */ = {isa = PBXBuildFile; fileRef = 3473045217E10EDA0026CE10 /* myMeetBallsStoryBoard.storyboard */; };
		3473045517E10F9B0026CE10 /* meetBallListTableViewCell.xib in Resources */ = {isa = PBXBuildFile; fileRef = 3473045417E10F9B0026CE10 /* meetBallListTableViewCell.xib */; };
		3473045817E1167B0026CE10 /* meetBallListTableViewCell.m in Sources */ = {isa = PBXBuildFile; fileRef = 3473045717E1167B0026CE10 /* meetBallListTableViewCell.m */; };
		3473045B17E116D50026CE10 /* MBCommentsCollectionView.m in Sources */ = {isa = PBXBuildFile; fileRef = 3473045A17E116D50026CE10 /* MBCommentsCollectionView.m */; };
		3473045E17E11A3E0026CE10 /* commentsCollectionViewCell.m in Sources */ = {isa = PBXBuildFile; fileRef = 3473045D17E11A3E0026CE10 /* commentsCollectionViewCell.m */; };
		3473046017E11A510026CE10 /* commentsCollectionViewCell.xib in Resources */ = {isa = PBXBuildFile; fileRef = 3473045F17E11A510026CE10 /* commentsCollectionViewCell.xib */; };
		3473046317E209590026CE10 /* MBMenuNavigator.m in Sources */ = {isa = PBXBuildFile; fileRef = 3473046217E209590026CE10 /* MBMenuNavigator.m */; };
		3473046717E248210026CE10 /* MBMeetBallDetailViewController.m in Sources */ = {isa = PBXBuildFile; fileRef = 3473046617E248210026CE10 /* MBMeetBallDetailViewController.m */; };
		3477701817E7593200E804FE /* CoreImage.framework in Frameworks */ = {isa = PBXBuildFile; fileRef = 3477701717E7593200E804FE /* CoreImage.framework */; };
		347BBD3617CCE92B00BE0E85 /* UIKit.framework in Frameworks */ = {isa = PBXBuildFile; fileRef = 347BBD3517CCE92B00BE0E85 /* UIKit.framework */; };
		347BBD3817CCE92B00BE0E85 /* Foundation.framework in Frameworks */ = {isa = PBXBuildFile; fileRef = 347BBD3717CCE92B00BE0E85 /* Foundation.framework */; };
		347BBD4017CCE92B00BE0E85 /* InfoPlist.strings in Resources */ = {isa = PBXBuildFile; fileRef = 347BBD3E17CCE92B00BE0E85 /* InfoPlist.strings */; };
		347BBD4217CCE92B00BE0E85 /* main.m in Sources */ = {isa = PBXBuildFile; fileRef = 347BBD4117CCE92B00BE0E85 /* main.m */; };
		347BBD4617CCE92B00BE0E85 /* MBAppDelegate.m in Sources */ = {isa = PBXBuildFile; fileRef = 347BBD4517CCE92B00BE0E85 /* MBAppDelegate.m */; };
		347BBD4F17CCE92B00BE0E85 /* loginFlow.storyboard in Resources */ = {isa = PBXBuildFile; fileRef = 347BBD4D17CCE92B00BE0E85 /* loginFlow.storyboard */; };
		347BBD5217CCE92B00BE0E85 /* MBLandingScreenViewController.m in Sources */ = {isa = PBXBuildFile; fileRef = 347BBD5117CCE92B00BE0E85 /* MBLandingScreenViewController.m */; };
		347BBD7317CCEFE500BE0E85 /* MBLoginViewController.m in Sources */ = {isa = PBXBuildFile; fileRef = 347BBD7217CCEFE500BE0E85 /* MBLoginViewController.m */; };
		347BBD7717CCF1F300BE0E85 /* MBSuitUpViewController.m in Sources */ = {isa = PBXBuildFile; fileRef = 347BBD7617CCF1F300BE0E85 /* MBSuitUpViewController.m */; };
		347BBD7D17CCF7CD00BE0E85 /* MBSuitUpCell.m in Sources */ = {isa = PBXBuildFile; fileRef = 347BBD7C17CCF7CD00BE0E85 /* MBSuitUpCell.m */; };
		347BBD7F17CCF7E900BE0E85 /* MBSuitUpCell.xib in Resources */ = {isa = PBXBuildFile; fileRef = 347BBD7E17CCF7E900BE0E85 /* MBSuitUpCell.xib */; };
		347E418A17EB783E004C16EF /* MBTipView.m in Sources */ = {isa = PBXBuildFile; fileRef = 347E418917EB783E004C16EF /* MBTipView.m */; };
		3495815817CE43980050A47D /* MBUser.m in Sources */ = {isa = PBXBuildFile; fileRef = 3495815717CE43980050A47D /* MBUser.m */; };
		3495815C17CE47400050A47D /* MeetBall.xcdatamodeld in Sources */ = {isa = PBXBuildFile; fileRef = 3495815A17CE47400050A47D /* MeetBall.xcdatamodeld */; };
		3495816017CE4AE10050A47D /* MBDataImporter.m in Sources */ = {isa = PBXBuildFile; fileRef = 3495815F17CE4AE10050A47D /* MBDataImporter.m */; };
		3495816817CE4D340050A47D /* CoreGraphics.framework in Frameworks */ = {isa = PBXBuildFile; fileRef = 347BBD3917CCE92B00BE0E85 /* CoreGraphics.framework */; };
		3495816B17CE502E0050A47D /* MBDataCommunicator.m in Sources */ = {isa = PBXBuildFile; fileRef = 3495816A17CE502E0050A47D /* MBDataCommunicator.m */; };
		3495816E17CE5C230050A47D /* wsresources_dev.plist in Resources */ = {isa = PBXBuildFile; fileRef = 3495816D17CE5C230050A47D /* wsresources_dev.plist */; };
		3495817417CE62880050A47D /* MeetBallApp-Info.plist in Resources */ = {isa = PBXBuildFile; fileRef = 347BBD3D17CCE92B00BE0E85 /* MeetBallApp-Info.plist */; };
		34974E5717F1EA6000D0BA84 /* MBProfileViewController.m in Sources */ = {isa = PBXBuildFile; fileRef = 34974E5617F1EA6000D0BA84 /* MBProfileViewController.m */; };
		34974E5A17F1EA6500D0BA84 /* MBSettingsViewController.m in Sources */ = {isa = PBXBuildFile; fileRef = 34974E5917F1EA6500D0BA84 /* MBSettingsViewController.m */; };
		34974E5E17F1EA7200D0BA84 /* MBHelpViewController.m in Sources */ = {isa = PBXBuildFile; fileRef = 34974E5D17F1EA7200D0BA84 /* MBHelpViewController.m */; };
		34974E6017F1EA7600D0BA84 /* HelpStoryboard.storyboard in Resources */ = {isa = PBXBuildFile; fileRef = 34974E5F17F1EA7600D0BA84 /* HelpStoryboard.storyboard */; };
		34974E6317F203DD00D0BA84 /* MBInvitee.m in Sources */ = {isa = PBXBuildFile; fileRef = 34974E6217F203DD00D0BA84 /* MBInvitee.m */; };
		34974E6417F203DD00D0BA84 /* MBInvitee.m in Sources */ = {isa = PBXBuildFile; fileRef = 34974E6217F203DD00D0BA84 /* MBInvitee.m */; };
		34974E6717F35DDD00D0BA84 /* MBMyMeetBallsCommunicator.m in Sources */ = {isa = PBXBuildFile; fileRef = 34974E6617F35DDD00D0BA84 /* MBMyMeetBallsCommunicator.m */; };
		34974E6A17F35E5200D0BA84 /* MBMeetBall.m in Sources */ = {isa = PBXBuildFile; fileRef = 34974E6917F35E5200D0BA84 /* MBMeetBall.m */; };
		34974E6B17F35E5200D0BA84 /* MBMeetBall.m in Sources */ = {isa = PBXBuildFile; fileRef = 34974E6917F35E5200D0BA84 /* MBMeetBall.m */; };
		34AF8CF017D68B990090D826 /* MBForgotPasswordViewController.m in Sources */ = {isa = PBXBuildFile; fileRef = 34AF8CEF17D68B990090D826 /* MBForgotPasswordViewController.m */; };
		34AF8CF417D696690090D826 /* MeetBalls.m in Sources */ = {isa = PBXBuildFile; fileRef = 34AF8CF317D696690090D826 /* MeetBalls.m */; };
		34AF8CF817D698F60090D826 /* MBHomeDataCommunicator.m in Sources */ = {isa = PBXBuildFile; fileRef = 34AF8CF717D698F60090D826 /* MBHomeDataCommunicator.m */; };
		34C70D7717CD06B4001AE7D2 /* CoreLocation.framework in Frameworks */ = {isa = PBXBuildFile; fileRef = 34C70D7517CD06A1001AE7D2 /* CoreLocation.framework */; };
		34C70D7A17CD06CE001AE7D2 /* AddressBook.framework in Frameworks */ = {isa = PBXBuildFile; fileRef = 34C70D7817CD06C5001AE7D2 /* AddressBook.framework */; };
		34C70D7C17CD0747001AE7D2 /* CoreData.framework in Frameworks */ = {isa = PBXBuildFile; fileRef = 34C70D7B17CD0747001AE7D2 /* CoreData.framework */; };
		34C70D7E17CD0780001AE7D2 /* Accounts.framework in Frameworks */ = {isa = PBXBuildFile; fileRef = 34C70D7D17CD0780001AE7D2 /* Accounts.framework */; };
		34C70D8017CD07B5001AE7D2 /* Social.framework in Frameworks */ = {isa = PBXBuildFile; fileRef = 34C70D7F17CD07B5001AE7D2 /* Social.framework */; };
		34C70D8D17CD152C001AE7D2 /* README.md in Resources */ = {isa = PBXBuildFile; fileRef = 34C70D8717CD152C001AE7D2 /* README.md */; };
		34C70D8E17CD152C001AE7D2 /* release_notes.md in Resources */ = {isa = PBXBuildFile; fileRef = 34C70D8817CD152C001AE7D2 /* release_notes.md */; };
		34CEA38917E0C3A6008BEDE5 /* MBAnnotation.m in Sources */ = {isa = PBXBuildFile; fileRef = 34CEA38817E0C3A6008BEDE5 /* MBAnnotation.m */; };
		34DA7FF017EB9CDE005E76B2 /* NSManagedObject+MRImportAdditions.m in Sources */ = {isa = PBXBuildFile; fileRef = 34DA7FEF17EB9CDE005E76B2 /* NSManagedObject+MRImportAdditions.m */; };
		34DE22BF17E3788600B99554 /* QuartzCore.framework in Frameworks */ = {isa = PBXBuildFile; fileRef = 34DE22BE17E3788600B99554 /* QuartzCore.framework */; };
/* End PBXBuildFile section */

/* Begin PBXContainerItemProxy section */
		340F3C9317EA119F00491CCB /* PBXContainerItemProxy */ = {
			isa = PBXContainerItemProxy;
			containerPortal = 347BBD2A17CCE92B00BE0E85 /* Project object */;
			proxyType = 1;
			remoteGlobalIDString = 347BBD3117CCE92B00BE0E85;
			remoteInfo = MeetBallApp;
		};
/* End PBXContainerItemProxy section */

/* Begin PBXFileReference section */
		161DEAD26C1043BC9F84DB02 /* libPods.a */ = {isa = PBXFileReference; explicitFileType = archive.ar; includeInIndex = 0; path = libPods.a; sourceTree = BUILT_PRODUCTS_DIR; };
		2BE6291DE139430690C1E728 /* Pods.xcconfig */ = {isa = PBXFileReference; includeInIndex = 1; lastKnownFileType = text.xcconfig; name = Pods.xcconfig; path = Pods/Pods.xcconfig; sourceTree = SOURCE_ROOT; };
		340F3C4217E8B18D00491CCB /* female_face.png */ = {isa = PBXFileReference; lastKnownFileType = image.png; path = female_face.png; sourceTree = "<group>"; };
		340F3C4317E8B18D00491CCB /* male_face.jpg */ = {isa = PBXFileReference; lastKnownFileType = image.jpeg; path = male_face.jpg; sourceTree = "<group>"; };
		340F3C4617E8B1FF00491CCB /* Dan-Farris-003.jpg */ = {isa = PBXFileReference; lastKnownFileType = image.jpeg; path = "Dan-Farris-003.jpg"; sourceTree = "<group>"; };
		340F3C4717E8B1FF00491CCB /* dominic.jpg */ = {isa = PBXFileReference; lastKnownFileType = image.jpeg; path = dominic.jpg; sourceTree = "<group>"; };
		340F3C4817E8B1FF00491CCB /* naa.jpeg */ = {isa = PBXFileReference; lastKnownFileType = image.jpeg; path = naa.jpeg; sourceTree = "<group>"; };
		340F3C4D17E8BA3D00491CCB /* TeamRosterStoryboard.storyboard */ = {isa = PBXFileReference; fileEncoding = 4; lastKnownFileType = file.storyboard; path = TeamRosterStoryboard.storyboard; sourceTree = "<group>"; };
		340F3C4F17E8BB8700491CCB /* MBTeamRoserViewController.h */ = {isa = PBXFileReference; fileEncoding = 4; lastKnownFileType = sourcecode.c.h; path = MBTeamRoserViewController.h; sourceTree = "<group>"; };
		340F3C5017E8BB8700491CCB /* MBTeamRoserViewController.m */ = {isa = PBXFileReference; fileEncoding = 4; lastKnownFileType = sourcecode.c.objc; path = MBTeamRoserViewController.m; sourceTree = "<group>"; };
		340F3C5217E8C56C00491CCB /* AddressBookUI.framework */ = {isa = PBXFileReference; lastKnownFileType = wrapper.framework; name = AddressBookUI.framework; path = System/Library/Frameworks/AddressBookUI.framework; sourceTree = SDKROOT; };
		340F3C5417E8C73700491CCB /* MBPerson.h */ = {isa = PBXFileReference; fileEncoding = 4; lastKnownFileType = sourcecode.c.h; path = MBPerson.h; sourceTree = "<group>"; };
		340F3C5517E8C73700491CCB /* MBPerson.m */ = {isa = PBXFileReference; fileEncoding = 4; lastKnownFileType = sourcecode.c.objc; path = MBPerson.m; sourceTree = "<group>"; };
		340F3C5817E8CE1A00491CCB /* ProfileStoryboard.storyboard */ = {isa = PBXFileReference; fileEncoding = 4; lastKnownFileType = file.storyboard; path = ProfileStoryboard.storyboard; sourceTree = "<group>"; };
		340F3C5B17E8CEAC00491CCB /* SettingsStoryboard.storyboard */ = {isa = PBXFileReference; fileEncoding = 4; lastKnownFileType = file.storyboard; path = SettingsStoryboard.storyboard; sourceTree = "<group>"; };
		340F3C5D17E9FB2000491CCB /* MBWebServiceManager.h */ = {isa = PBXFileReference; fileEncoding = 4; lastKnownFileType = sourcecode.c.h; path = MBWebServiceManager.h; sourceTree = "<group>"; };
		340F3C5E17E9FB2000491CCB /* MBWebServiceManager.m */ = {isa = PBXFileReference; fileEncoding = 4; lastKnownFileType = sourcecode.c.objc; path = MBWebServiceManager.m; sourceTree = "<group>"; };
		340F3C6117E9FCBE00491CCB /* MBWebServiceManagerTests.m */ = {isa = PBXFileReference; fileEncoding = 4; lastKnownFileType = sourcecode.c.objc; lineEnding = 0; name = MBWebServiceManagerTests.m; path = "../Unit Tests/MBWebServiceManagerTests.m"; sourceTree = "<group>"; };
		340F3C6317EA010100491CCB /* MBWebServiceConstants.h */ = {isa = PBXFileReference; fileEncoding = 4; lastKnownFileType = sourcecode.c.h; path = MBWebServiceConstants.h; sourceTree = "<group>"; };
		340F3C6417EA010100491CCB /* MBWebServiceConstants.m */ = {isa = PBXFileReference; fileEncoding = 4; lastKnownFileType = sourcecode.c.objc; path = MBWebServiceConstants.m; sourceTree = "<group>"; };
		340F3C7517EA096300491CCB /* XCTest.framework */ = {isa = PBXFileReference; lastKnownFileType = wrapper.framework; name = XCTest.framework; path = Library/Frameworks/XCTest.framework; sourceTree = DEVELOPER_DIR; };
		340F3C8617EA119F00491CCB /* MeetBallApp Tests.xctest */ = {isa = PBXFileReference; explicitFileType = wrapper.cfbundle; includeInIndex = 0; path = "MeetBallApp Tests.xctest"; sourceTree = BUILT_PRODUCTS_DIR; };
		340F3C8C17EA119F00491CCB /* MeetBallApp Tests-Info.plist */ = {isa = PBXFileReference; lastKnownFileType = text.plist.xml; path = "MeetBallApp Tests-Info.plist"; sourceTree = "<group>"; };
		340F3C8E17EA119F00491CCB /* en */ = {isa = PBXFileReference; lastKnownFileType = text.plist.strings; name = en; path = en.lproj/InfoPlist.strings; sourceTree = "<group>"; };
		340F3C9217EA119F00491CCB /* MeetBallApp Tests-Prefix.pch */ = {isa = PBXFileReference; lastKnownFileType = sourcecode.c.h; path = "MeetBallApp Tests-Prefix.pch"; sourceTree = "<group>"; };
		340F3CBF17EA143700491CCB /* libPods-AFNetworking.a */ = {isa = PBXFileReference; lastKnownFileType = archive.ar; name = "libPods-AFNetworking.a"; path = "Build/Products/Debug-iphoneos/libPods-AFNetworking.a"; sourceTree = "<group>"; };
		340F3CC017EA143700491CCB /* libPods-Facebook-iOS-SDK.a */ = {isa = PBXFileReference; lastKnownFileType = archive.ar; name = "libPods-Facebook-iOS-SDK.a"; path = "Build/Products/Debug-iphoneos/libPods-Facebook-iOS-SDK.a"; sourceTree = "<group>"; };
		340F3CC117EA143700491CCB /* libPods-MagicalRecord.a */ = {isa = PBXFileReference; lastKnownFileType = archive.ar; name = "libPods-MagicalRecord.a"; path = "Build/Products/Debug-iphoneos/libPods-MagicalRecord.a"; sourceTree = "<group>"; };
		340F3CC217EA143700491CCB /* libPods-SVProgressHUD.a */ = {isa = PBXFileReference; lastKnownFileType = archive.ar; name = "libPods-SVProgressHUD.a"; path = "Build/Products/Debug-iphoneos/libPods-SVProgressHUD.a"; sourceTree = "<group>"; };
		340F3CC317EA143700491CCB /* libPods-TestFlightSDK.a */ = {isa = PBXFileReference; lastKnownFileType = archive.ar; name = "libPods-TestFlightSDK.a"; path = "Build/Products/Debug-iphoneos/libPods-TestFlightSDK.a"; sourceTree = "<group>"; };
		340F3CCB17EB47B000491CCB /* MBMathBlock.h */ = {isa = PBXFileReference; fileEncoding = 4; lastKnownFileType = sourcecode.c.h; path = MBMathBlock.h; sourceTree = "<group>"; };
		340F3CCC17EB47B000491CCB /* MBMathBlock.m */ = {isa = PBXFileReference; fileEncoding = 4; lastKnownFileType = sourcecode.c.objc; path = MBMathBlock.m; sourceTree = "<group>"; };
		340F3CCF17EB738300491CCB /* MBTipView.xib */ = {isa = PBXFileReference; fileEncoding = 4; lastKnownFileType = file.xib; path = MBTipView.xib; sourceTree = "<group>"; };
		3434920317D0E88700C857F8 /* MBCredentialManager.h */ = {isa = PBXFileReference; fileEncoding = 4; lastKnownFileType = sourcecode.c.h; path = MBCredentialManager.h; sourceTree = "<group>"; };
		3434920417D0E88700C857F8 /* MBCredentialManager.m */ = {isa = PBXFileReference; fileEncoding = 4; lastKnownFileType = sourcecode.c.objc; path = MBCredentialManager.m; sourceTree = "<group>"; };
		3445C9A817D8CDB700399715 /* MBEventCollectionViewCell.xib */ = {isa = PBXFileReference; fileEncoding = 4; lastKnownFileType = file.xib; path = MBEventCollectionViewCell.xib; sourceTree = "<group>"; };
		3445C9B417D8D33D00399715 /* MBEventCollectionViewCell.h */ = {isa = PBXFileReference; fileEncoding = 4; lastKnownFileType = sourcecode.c.h; path = MBEventCollectionViewCell.h; sourceTree = "<group>"; };
		3445C9B517D8D33D00399715 /* MBEventCollectionViewCell.m */ = {isa = PBXFileReference; fileEncoding = 4; lastKnownFileType = sourcecode.c.objc; path = MBEventCollectionViewCell.m; sourceTree = "<group>"; };
		3445C9B817D8E4AA00399715 /* MBFriendsCollectionView.h */ = {isa = PBXFileReference; fileEncoding = 4; lastKnownFileType = sourcecode.c.h; path = MBFriendsCollectionView.h; sourceTree = "<group>"; };
		3445C9B917D8E4AA00399715 /* MBFriendsCollectionView.m */ = {isa = PBXFileReference; fileEncoding = 4; lastKnownFileType = sourcecode.c.objc; path = MBFriendsCollectionView.m; sourceTree = "<group>"; };
		3445C9BF17D905E100399715 /* MBMenuView.h */ = {isa = PBXFileReference; fileEncoding = 4; lastKnownFileType = sourcecode.c.h; path = MBMenuView.h; sourceTree = "<group>"; };
		3445C9C017D905E100399715 /* MBMenuView.m */ = {isa = PBXFileReference; fileEncoding = 4; lastKnownFileType = sourcecode.c.objc; path = MBMenuView.m; sourceTree = "<group>"; };
		3445C9C217D905F300399715 /* MBMenuView.xib */ = {isa = PBXFileReference; fileEncoding = 4; lastKnownFileType = file.xib; path = MBMenuView.xib; sourceTree = "<group>"; };
		3446716D17CD22B900469B39 /* libz.dylib */ = {isa = PBXFileReference; lastKnownFileType = "compiled.mach-o.dylib"; name = libz.dylib; path = usr/lib/libz.dylib; sourceTree = SDKROOT; };
		3446717817CD273600469B39 /* wsresources_prod.plist */ = {isa = PBXFileReference; fileEncoding = 4; lastKnownFileType = text.plist.xml; path = wsresources_prod.plist; sourceTree = "<group>"; };
		3446717B17CD465D00469B39 /* Security.framework */ = {isa = PBXFileReference; lastKnownFileType = wrapper.framework; name = Security.framework; path = System/Library/Frameworks/Security.framework; sourceTree = SDKROOT; };
		3446717D17CD543400469B39 /* homeStoryBoard.storyboard */ = {isa = PBXFileReference; fileEncoding = 4; lastKnownFileType = file.storyboard; path = homeStoryBoard.storyboard; sourceTree = "<group>"; };
		3446717F17CD545B00469B39 /* MBHomeViewController.h */ = {isa = PBXFileReference; fileEncoding = 4; lastKnownFileType = sourcecode.c.h; path = MBHomeViewController.h; sourceTree = "<group>"; };
		3446718017CD545B00469B39 /* MBHomeViewController.m */ = {isa = PBXFileReference; fileEncoding = 4; lastKnownFileType = sourcecode.c.objc; path = MBHomeViewController.m; sourceTree = "<group>"; };
		344B514A17DA74E4000F31FB /* MBDetailsViewController.h */ = {isa = PBXFileReference; fileEncoding = 4; lastKnownFileType = sourcecode.c.h; path = MBDetailsViewController.h; sourceTree = "<group>"; };
		344B514B17DA74E4000F31FB /* MBDetailsViewController.m */ = {isa = PBXFileReference; fileEncoding = 4; lastKnownFileType = sourcecode.c.objc; path = MBDetailsViewController.m; sourceTree = "<group>"; };
		346599D617DE5DC0007CAE61 /* MBHomeMeetBallCollectionViewCell.xib */ = {isa = PBXFileReference; fileEncoding = 4; lastKnownFileType = file.xib; path = MBHomeMeetBallCollectionViewCell.xib; sourceTree = "<group>"; };
		346599D817DE5F3E007CAE61 /* MBHomeMeetBallCollectionViewCell.h */ = {isa = PBXFileReference; fileEncoding = 4; lastKnownFileType = sourcecode.c.h; path = MBHomeMeetBallCollectionViewCell.h; sourceTree = "<group>"; };
		346599D917DE5F3E007CAE61 /* MBHomeMeetBallCollectionViewCell.m */ = {isa = PBXFileReference; fileEncoding = 4; lastKnownFileType = sourcecode.c.objc; path = MBHomeMeetBallCollectionViewCell.m; sourceTree = "<group>"; };
		346599DC17DE6856007CAE61 /* MapKit.framework */ = {isa = PBXFileReference; lastKnownFileType = wrapper.framework; name = MapKit.framework; path = System/Library/Frameworks/MapKit.framework; sourceTree = SDKROOT; };
		3473044217E0D2CC0026CE10 /* libPods.a */ = {isa = PBXFileReference; lastKnownFileType = archive.ar; name = libPods.a; path = "Pods/build/Debug-iphoneos/libPods.a"; sourceTree = "<group>"; };
		3473044417E0D2CD0026CE10 /* libPods.a */ = {isa = PBXFileReference; lastKnownFileType = archive.ar; name = libPods.a; path = "Pods/build/Debug-iphoneos/libPods.a"; sourceTree = "<group>"; };
		3473044517E0D42F0026CE10 /* Images.xcassets */ = {isa = PBXFileReference; lastKnownFileType = folder.assetcatalog; name = Images.xcassets; path = MeetBallApp/Images.xcassets; sourceTree = "<group>"; };
		3473044F17E10EC30026CE10 /* MBMyMeetBallsViewController.h */ = {isa = PBXFileReference; fileEncoding = 4; lastKnownFileType = sourcecode.c.h; path = MBMyMeetBallsViewController.h; sourceTree = "<group>"; };
		3473045017E10EC30026CE10 /* MBMyMeetBallsViewController.m */ = {isa = PBXFileReference; fileEncoding = 4; lastKnownFileType = sourcecode.c.objc; path = MBMyMeetBallsViewController.m; sourceTree = "<group>"; };
		3473045217E10EDA0026CE10 /* myMeetBallsStoryBoard.storyboard */ = {isa = PBXFileReference; fileEncoding = 4; lastKnownFileType = file.storyboard; path = myMeetBallsStoryBoard.storyboard; sourceTree = "<group>"; };
		3473045417E10F9B0026CE10 /* meetBallListTableViewCell.xib */ = {isa = PBXFileReference; fileEncoding = 4; lastKnownFileType = file.xib; path = meetBallListTableViewCell.xib; sourceTree = "<group>"; };
		3473045617E1167B0026CE10 /* meetBallListTableViewCell.h */ = {isa = PBXFileReference; fileEncoding = 4; lastKnownFileType = sourcecode.c.h; path = meetBallListTableViewCell.h; sourceTree = "<group>"; };
		3473045717E1167B0026CE10 /* meetBallListTableViewCell.m */ = {isa = PBXFileReference; fileEncoding = 4; lastKnownFileType = sourcecode.c.objc; path = meetBallListTableViewCell.m; sourceTree = "<group>"; };
		3473045917E116D50026CE10 /* MBCommentsCollectionView.h */ = {isa = PBXFileReference; fileEncoding = 4; lastKnownFileType = sourcecode.c.h; path = MBCommentsCollectionView.h; sourceTree = "<group>"; };
		3473045A17E116D50026CE10 /* MBCommentsCollectionView.m */ = {isa = PBXFileReference; fileEncoding = 4; lastKnownFileType = sourcecode.c.objc; path = MBCommentsCollectionView.m; sourceTree = "<group>"; };
		3473045C17E11A3E0026CE10 /* commentsCollectionViewCell.h */ = {isa = PBXFileReference; fileEncoding = 4; lastKnownFileType = sourcecode.c.h; path = commentsCollectionViewCell.h; sourceTree = "<group>"; };
		3473045D17E11A3E0026CE10 /* commentsCollectionViewCell.m */ = {isa = PBXFileReference; fileEncoding = 4; lastKnownFileType = sourcecode.c.objc; path = commentsCollectionViewCell.m; sourceTree = "<group>"; };
		3473045F17E11A510026CE10 /* commentsCollectionViewCell.xib */ = {isa = PBXFileReference; fileEncoding = 4; lastKnownFileType = file.xib; path = commentsCollectionViewCell.xib; sourceTree = "<group>"; };
		3473046117E209590026CE10 /* MBMenuNavigator.h */ = {isa = PBXFileReference; fileEncoding = 4; lastKnownFileType = sourcecode.c.h; path = MBMenuNavigator.h; sourceTree = "<group>"; };
		3473046217E209590026CE10 /* MBMenuNavigator.m */ = {isa = PBXFileReference; fileEncoding = 4; lastKnownFileType = sourcecode.c.objc; path = MBMenuNavigator.m; sourceTree = "<group>"; wrapsLines = 0; };
		3473046517E248210026CE10 /* MBMeetBallDetailViewController.h */ = {isa = PBXFileReference; fileEncoding = 4; lastKnownFileType = sourcecode.c.h; path = MBMeetBallDetailViewController.h; sourceTree = "<group>"; };
		3473046617E248210026CE10 /* MBMeetBallDetailViewController.m */ = {isa = PBXFileReference; fileEncoding = 4; lastKnownFileType = sourcecode.c.objc; path = MBMeetBallDetailViewController.m; sourceTree = "<group>"; };
		3477701717E7593200E804FE /* CoreImage.framework */ = {isa = PBXFileReference; lastKnownFileType = wrapper.framework; name = CoreImage.framework; path = System/Library/Frameworks/CoreImage.framework; sourceTree = SDKROOT; };
		347BBD3217CCE92B00BE0E85 /* MeetBall Lite.app */ = {isa = PBXFileReference; explicitFileType = wrapper.application; includeInIndex = 0; path = "MeetBall Lite.app"; sourceTree = BUILT_PRODUCTS_DIR; };
		347BBD3517CCE92B00BE0E85 /* UIKit.framework */ = {isa = PBXFileReference; lastKnownFileType = wrapper.framework; name = UIKit.framework; path = System/Library/Frameworks/UIKit.framework; sourceTree = SDKROOT; };
		347BBD3717CCE92B00BE0E85 /* Foundation.framework */ = {isa = PBXFileReference; lastKnownFileType = wrapper.framework; name = Foundation.framework; path = System/Library/Frameworks/Foundation.framework; sourceTree = SDKROOT; };
		347BBD3917CCE92B00BE0E85 /* CoreGraphics.framework */ = {isa = PBXFileReference; lastKnownFileType = wrapper.framework; name = CoreGraphics.framework; path = System/Library/Frameworks/CoreGraphics.framework; sourceTree = SDKROOT; };
		347BBD3D17CCE92B00BE0E85 /* MeetBallApp-Info.plist */ = {isa = PBXFileReference; lastKnownFileType = text.plist.xml; path = "MeetBallApp-Info.plist"; sourceTree = "<group>"; };
		347BBD3F17CCE92B00BE0E85 /* en */ = {isa = PBXFileReference; lastKnownFileType = text.plist.strings; name = en; path = en.lproj/InfoPlist.strings; sourceTree = "<group>"; };
		347BBD4117CCE92B00BE0E85 /* main.m */ = {isa = PBXFileReference; lastKnownFileType = sourcecode.c.objc; path = main.m; sourceTree = "<group>"; };
		347BBD4317CCE92B00BE0E85 /* MeetBallApp-Prefix.pch */ = {isa = PBXFileReference; lastKnownFileType = sourcecode.c.h; path = "MeetBallApp-Prefix.pch"; sourceTree = "<group>"; };
		347BBD4417CCE92B00BE0E85 /* MBAppDelegate.h */ = {isa = PBXFileReference; lastKnownFileType = sourcecode.c.h; path = MBAppDelegate.h; sourceTree = "<group>"; };
		347BBD4517CCE92B00BE0E85 /* MBAppDelegate.m */ = {isa = PBXFileReference; lastKnownFileType = sourcecode.c.objc; path = MBAppDelegate.m; sourceTree = "<group>"; };
		347BBD4E17CCE92B00BE0E85 /* en */ = {isa = PBXFileReference; lastKnownFileType = file.storyboard; name = en; path = en.lproj/loginFlow.storyboard; sourceTree = "<group>"; };
		347BBD5017CCE92B00BE0E85 /* MBLandingScreenViewController.h */ = {isa = PBXFileReference; lastKnownFileType = sourcecode.c.h; path = MBLandingScreenViewController.h; sourceTree = "<group>"; };
		347BBD5117CCE92B00BE0E85 /* MBLandingScreenViewController.m */ = {isa = PBXFileReference; lastKnownFileType = sourcecode.c.objc; path = MBLandingScreenViewController.m; sourceTree = "<group>"; };
		347BBD5917CCE92B00BE0E85 /* SenTestingKit.framework */ = {isa = PBXFileReference; lastKnownFileType = wrapper.framework; name = SenTestingKit.framework; path = Library/Frameworks/SenTestingKit.framework; sourceTree = DEVELOPER_DIR; };
		347BBD7117CCEFE500BE0E85 /* MBLoginViewController.h */ = {isa = PBXFileReference; fileEncoding = 4; lastKnownFileType = sourcecode.c.h; path = MBLoginViewController.h; sourceTree = "<group>"; };
		347BBD7217CCEFE500BE0E85 /* MBLoginViewController.m */ = {isa = PBXFileReference; fileEncoding = 4; lastKnownFileType = sourcecode.c.objc; path = MBLoginViewController.m; sourceTree = "<group>"; };
		347BBD7517CCF1F300BE0E85 /* MBSuitUpViewController.h */ = {isa = PBXFileReference; fileEncoding = 4; lastKnownFileType = sourcecode.c.h; path = MBSuitUpViewController.h; sourceTree = "<group>"; };
		347BBD7617CCF1F300BE0E85 /* MBSuitUpViewController.m */ = {isa = PBXFileReference; fileEncoding = 4; lastKnownFileType = sourcecode.c.objc; path = MBSuitUpViewController.m; sourceTree = "<group>"; };
		347BBD7B17CCF7CD00BE0E85 /* MBSuitUpCell.h */ = {isa = PBXFileReference; fileEncoding = 4; lastKnownFileType = sourcecode.c.h; path = MBSuitUpCell.h; sourceTree = "<group>"; };
		347BBD7C17CCF7CD00BE0E85 /* MBSuitUpCell.m */ = {isa = PBXFileReference; fileEncoding = 4; lastKnownFileType = sourcecode.c.objc; path = MBSuitUpCell.m; sourceTree = "<group>"; };
		347BBD7E17CCF7E900BE0E85 /* MBSuitUpCell.xib */ = {isa = PBXFileReference; fileEncoding = 4; lastKnownFileType = file.xib; path = MBSuitUpCell.xib; sourceTree = "<group>"; };
		347E418817EB783E004C16EF /* MBTipView.h */ = {isa = PBXFileReference; fileEncoding = 4; lastKnownFileType = sourcecode.c.h; path = MBTipView.h; sourceTree = "<group>"; };
		347E418917EB783E004C16EF /* MBTipView.m */ = {isa = PBXFileReference; fileEncoding = 4; lastKnownFileType = sourcecode.c.objc; path = MBTipView.m; sourceTree = "<group>"; };
		3495815617CE43980050A47D /* MBUser.h */ = {isa = PBXFileReference; fileEncoding = 4; lastKnownFileType = sourcecode.c.h; name = MBUser.h; path = MeetBallApp/MBUser.h; sourceTree = "<group>"; };
		3495815717CE43980050A47D /* MBUser.m */ = {isa = PBXFileReference; fileEncoding = 4; lastKnownFileType = sourcecode.c.objc; name = MBUser.m; path = MeetBallApp/MBUser.m; sourceTree = "<group>"; };
		3495815B17CE47400050A47D /* MeetBall.xcdatamodel */ = {isa = PBXFileReference; lastKnownFileType = wrapper.xcdatamodel; path = MeetBall.xcdatamodel; sourceTree = "<group>"; };
		3495815E17CE4AE10050A47D /* MBDataImporter.h */ = {isa = PBXFileReference; fileEncoding = 4; lastKnownFileType = sourcecode.c.h; path = MBDataImporter.h; sourceTree = "<group>"; };
		3495815F17CE4AE10050A47D /* MBDataImporter.m */ = {isa = PBXFileReference; fileEncoding = 4; lastKnownFileType = sourcecode.c.objc; path = MBDataImporter.m; sourceTree = "<group>"; };
		3495816917CE502E0050A47D /* MBDataCommunicator.h */ = {isa = PBXFileReference; fileEncoding = 4; lastKnownFileType = sourcecode.c.h; path = MBDataCommunicator.h; sourceTree = "<group>"; };
		3495816A17CE502E0050A47D /* MBDataCommunicator.m */ = {isa = PBXFileReference; fileEncoding = 4; lastKnownFileType = sourcecode.c.objc; path = MBDataCommunicator.m; sourceTree = "<group>"; };
		3495816D17CE5C230050A47D /* wsresources_dev.plist */ = {isa = PBXFileReference; fileEncoding = 4; lastKnownFileType = text.plist.xml; path = wsresources_dev.plist; sourceTree = "<group>"; };
		34974E5517F1EA6000D0BA84 /* MBProfileViewController.h */ = {isa = PBXFileReference; fileEncoding = 4; lastKnownFileType = sourcecode.c.h; path = MBProfileViewController.h; sourceTree = "<group>"; };
		34974E5617F1EA6000D0BA84 /* MBProfileViewController.m */ = {isa = PBXFileReference; fileEncoding = 4; lastKnownFileType = sourcecode.c.objc; path = MBProfileViewController.m; sourceTree = "<group>"; };
		34974E5817F1EA6500D0BA84 /* MBSettingsViewController.h */ = {isa = PBXFileReference; fileEncoding = 4; lastKnownFileType = sourcecode.c.h; path = MBSettingsViewController.h; sourceTree = "<group>"; };
		34974E5917F1EA6500D0BA84 /* MBSettingsViewController.m */ = {isa = PBXFileReference; fileEncoding = 4; lastKnownFileType = sourcecode.c.objc; path = MBSettingsViewController.m; sourceTree = "<group>"; };
		34974E5C17F1EA7200D0BA84 /* MBHelpViewController.h */ = {isa = PBXFileReference; fileEncoding = 4; lastKnownFileType = sourcecode.c.h; path = MBHelpViewController.h; sourceTree = "<group>"; };
		34974E5D17F1EA7200D0BA84 /* MBHelpViewController.m */ = {isa = PBXFileReference; fileEncoding = 4; lastKnownFileType = sourcecode.c.objc; path = MBHelpViewController.m; sourceTree = "<group>"; };
		34974E5F17F1EA7600D0BA84 /* HelpStoryboard.storyboard */ = {isa = PBXFileReference; fileEncoding = 4; lastKnownFileType = file.storyboard; path = HelpStoryboard.storyboard; sourceTree = "<group>"; };
		34974E6117F203DD00D0BA84 /* MBInvitee.h */ = {isa = PBXFileReference; fileEncoding = 4; lastKnownFileType = sourcecode.c.h; path = MBInvitee.h; sourceTree = "<group>"; };
		34974E6217F203DD00D0BA84 /* MBInvitee.m */ = {isa = PBXFileReference; fileEncoding = 4; lastKnownFileType = sourcecode.c.objc; path = MBInvitee.m; sourceTree = "<group>"; };
		34974E6517F35DDD00D0BA84 /* MBMyMeetBallsCommunicator.h */ = {isa = PBXFileReference; fileEncoding = 4; lastKnownFileType = sourcecode.c.h; path = MBMyMeetBallsCommunicator.h; sourceTree = "<group>"; };
		34974E6617F35DDD00D0BA84 /* MBMyMeetBallsCommunicator.m */ = {isa = PBXFileReference; fileEncoding = 4; lastKnownFileType = sourcecode.c.objc; path = MBMyMeetBallsCommunicator.m; sourceTree = "<group>"; };
		34974E6817F35E5200D0BA84 /* MBMeetBall.h */ = {isa = PBXFileReference; fileEncoding = 4; lastKnownFileType = sourcecode.c.h; path = MBMeetBall.h; sourceTree = "<group>"; };
		34974E6917F35E5200D0BA84 /* MBMeetBall.m */ = {isa = PBXFileReference; fileEncoding = 4; lastKnownFileType = sourcecode.c.objc; path = MBMeetBall.m; sourceTree = "<group>"; };
		34AF8CEE17D68B980090D826 /* MBForgotPasswordViewController.h */ = {isa = PBXFileReference; fileEncoding = 4; lastKnownFileType = sourcecode.c.h; path = MBForgotPasswordViewController.h; sourceTree = "<group>"; };
		34AF8CEF17D68B990090D826 /* MBForgotPasswordViewController.m */ = {isa = PBXFileReference; fileEncoding = 4; lastKnownFileType = sourcecode.c.objc; path = MBForgotPasswordViewController.m; sourceTree = "<group>"; };
		34AF8CF217D696690090D826 /* MeetBalls.h */ = {isa = PBXFileReference; fileEncoding = 4; lastKnownFileType = sourcecode.c.h; path = MeetBalls.h; sourceTree = "<group>"; };
		34AF8CF317D696690090D826 /* MeetBalls.m */ = {isa = PBXFileReference; fileEncoding = 4; lastKnownFileType = sourcecode.c.objc; path = MeetBalls.m; sourceTree = "<group>"; };
		34AF8CF617D698F60090D826 /* MBHomeDataCommunicator.h */ = {isa = PBXFileReference; fileEncoding = 4; lastKnownFileType = sourcecode.c.h; path = MBHomeDataCommunicator.h; sourceTree = "<group>"; };
		34AF8CF717D698F60090D826 /* MBHomeDataCommunicator.m */ = {isa = PBXFileReference; fileEncoding = 4; lastKnownFileType = sourcecode.c.objc; path = MBHomeDataCommunicator.m; sourceTree = "<group>"; };
		34C70D7517CD06A1001AE7D2 /* CoreLocation.framework */ = {isa = PBXFileReference; lastKnownFileType = wrapper.framework; name = CoreLocation.framework; path = System/Library/Frameworks/CoreLocation.framework; sourceTree = SDKROOT; };
		34C70D7817CD06C5001AE7D2 /* AddressBook.framework */ = {isa = PBXFileReference; lastKnownFileType = wrapper.framework; name = AddressBook.framework; path = System/Library/Frameworks/AddressBook.framework; sourceTree = SDKROOT; };
		34C70D7B17CD0747001AE7D2 /* CoreData.framework */ = {isa = PBXFileReference; lastKnownFileType = wrapper.framework; name = CoreData.framework; path = System/Library/Frameworks/CoreData.framework; sourceTree = SDKROOT; };
		34C70D7D17CD0780001AE7D2 /* Accounts.framework */ = {isa = PBXFileReference; lastKnownFileType = wrapper.framework; name = Accounts.framework; path = System/Library/Frameworks/Accounts.framework; sourceTree = SDKROOT; };
		34C70D7F17CD07B5001AE7D2 /* Social.framework */ = {isa = PBXFileReference; lastKnownFileType = wrapper.framework; name = Social.framework; path = System/Library/Frameworks/Social.framework; sourceTree = SDKROOT; };
		34C70D8617CD152C001AE7D2 /* libTestFlight.a */ = {isa = PBXFileReference; lastKnownFileType = archive.ar; path = libTestFlight.a; sourceTree = "<group>"; };
		34C70D8717CD152C001AE7D2 /* README.md */ = {isa = PBXFileReference; fileEncoding = 4; lastKnownFileType = text; path = README.md; sourceTree = "<group>"; };
		34C70D8817CD152C001AE7D2 /* release_notes.md */ = {isa = PBXFileReference; fileEncoding = 4; lastKnownFileType = text; path = release_notes.md; sourceTree = "<group>"; };
		34C70D8917CD152C001AE7D2 /* TestFlight+AsyncLogging.h */ = {isa = PBXFileReference; fileEncoding = 4; lastKnownFileType = sourcecode.c.h; path = "TestFlight+AsyncLogging.h"; sourceTree = "<group>"; };
		34C70D8A17CD152C001AE7D2 /* TestFlight+ManualSessions.h */ = {isa = PBXFileReference; fileEncoding = 4; lastKnownFileType = sourcecode.c.h; path = "TestFlight+ManualSessions.h"; sourceTree = "<group>"; };
		34C70D8B17CD152C001AE7D2 /* TestFlight.h */ = {isa = PBXFileReference; fileEncoding = 4; lastKnownFileType = sourcecode.c.h; path = TestFlight.h; sourceTree = "<group>"; };
		34CEA38717E0C3A6008BEDE5 /* MBAnnotation.h */ = {isa = PBXFileReference; fileEncoding = 4; lastKnownFileType = sourcecode.c.h; path = MBAnnotation.h; sourceTree = "<group>"; };
		34CEA38817E0C3A6008BEDE5 /* MBAnnotation.m */ = {isa = PBXFileReference; fileEncoding = 4; lastKnownFileType = sourcecode.c.objc; path = MBAnnotation.m; sourceTree = "<group>"; };
		34DA7FEE17EB9CDE005E76B2 /* NSManagedObject+MRImportAdditions.h */ = {isa = PBXFileReference; fileEncoding = 4; lastKnownFileType = sourcecode.c.h; path = "NSManagedObject+MRImportAdditions.h"; sourceTree = "<group>"; };
		34DA7FEF17EB9CDE005E76B2 /* NSManagedObject+MRImportAdditions.m */ = {isa = PBXFileReference; fileEncoding = 4; lastKnownFileType = sourcecode.c.objc; path = "NSManagedObject+MRImportAdditions.m"; sourceTree = "<group>"; };
		34DE22BE17E3788600B99554 /* QuartzCore.framework */ = {isa = PBXFileReference; lastKnownFileType = wrapper.framework; name = QuartzCore.framework; path = System/Library/Frameworks/QuartzCore.framework; sourceTree = SDKROOT; };
/* End PBXFileReference section */

/* Begin PBXFrameworksBuildPhase section */
		340F3C8317EA119F00491CCB /* Frameworks */ = {
			isa = PBXFrameworksBuildPhase;
			buildActionMask = 2147483647;
			files = (
				340F3C9D17EA131700491CCB /* Accounts.framework in Frameworks */,
				340F3C9E17EA131700491CCB /* AddressBook.framework in Frameworks */,
				340F3C9F17EA131700491CCB /* AddressBookUI.framework in Frameworks */,
				340F3CA017EA131700491CCB /* CoreData.framework in Frameworks */,
				340F3CA117EA131700491CCB /* CoreImage.framework in Frameworks */,
				340F3CA217EA131700491CCB /* CoreLocation.framework in Frameworks */,
				340F3CA317EA131700491CCB /* MapKit.framework in Frameworks */,
				340F3CA417EA131700491CCB /* QuartzCore.framework in Frameworks */,
				340F3C9C17EA12F300491CCB /* libPods.a in Frameworks */,
				340F3C8717EA119F00491CCB /* XCTest.framework in Frameworks */,
				340F3C8917EA119F00491CCB /* UIKit.framework in Frameworks */,
				340F3C8817EA119F00491CCB /* Foundation.framework in Frameworks */,
			);
			runOnlyForDeploymentPostprocessing = 0;
		};
		347BBD2F17CCE92B00BE0E85 /* Frameworks */ = {
			isa = PBXFrameworksBuildPhase;
			buildActionMask = 2147483647;
			files = (
				340F3C5317E8C56C00491CCB /* AddressBookUI.framework in Frameworks */,
				34C70D7A17CD06CE001AE7D2 /* AddressBook.framework in Frameworks */,
				3477701817E7593200E804FE /* CoreImage.framework in Frameworks */,
				34DE22BF17E3788600B99554 /* QuartzCore.framework in Frameworks */,
				3473044317E0D2CC0026CE10 /* libPods.a in Frameworks */,
				346599DE17DE687C007CAE61 /* MapKit.framework in Frameworks */,
				3495816817CE4D340050A47D /* CoreGraphics.framework in Frameworks */,
				3446717C17CD465D00469B39 /* Security.framework in Frameworks */,
				3446716E17CD22B900469B39 /* libz.dylib in Frameworks */,
				347BBD3617CCE92B00BE0E85 /* UIKit.framework in Frameworks */,
				34C70D8017CD07B5001AE7D2 /* Social.framework in Frameworks */,
				34C70D7E17CD0780001AE7D2 /* Accounts.framework in Frameworks */,
				34C70D7C17CD0747001AE7D2 /* CoreData.framework in Frameworks */,
				34C70D7717CD06B4001AE7D2 /* CoreLocation.framework in Frameworks */,
				347BBD3817CCE92B00BE0E85 /* Foundation.framework in Frameworks */,
			);
			runOnlyForDeploymentPostprocessing = 0;
		};
/* End PBXFrameworksBuildPhase section */

/* Begin PBXGroup section */
		340F3C4C17E8BA2B00491CCB /* Team Roster */ = {
			isa = PBXGroup;
			children = (
				340F3C4D17E8BA3D00491CCB /* TeamRosterStoryboard.storyboard */,
				340F3C4F17E8BB8700491CCB /* MBTeamRoserViewController.h */,
				340F3C5017E8BB8700491CCB /* MBTeamRoserViewController.m */,
			);
			name = "Team Roster";
			sourceTree = "<group>";
		};
		340F3C5717E8CDED00491CCB /* Profile */ = {
			isa = PBXGroup;
			children = (
				340F3C5817E8CE1A00491CCB /* ProfileStoryboard.storyboard */,
				34974E5517F1EA6000D0BA84 /* MBProfileViewController.h */,
				34974E5617F1EA6000D0BA84 /* MBProfileViewController.m */,
			);
			name = Profile;
			sourceTree = "<group>";
		};
		340F3C5A17E8CE9E00491CCB /* Settings */ = {
			isa = PBXGroup;
			children = (
				340F3C5B17E8CEAC00491CCB /* SettingsStoryboard.storyboard */,
				34974E5817F1EA6500D0BA84 /* MBSettingsViewController.h */,
				34974E5917F1EA6500D0BA84 /* MBSettingsViewController.m */,
			);
			name = Settings;
			sourceTree = "<group>";
		};
		340F3C8A17EA119F00491CCB /* MeetBallApp Tests */ = {
			isa = PBXGroup;
			children = (
				340F3C6117E9FCBE00491CCB /* MBWebServiceManagerTests.m */,
				340F3C8B17EA119F00491CCB /* Supporting Files */,
			);
			path = "MeetBallApp Tests";
			sourceTree = "<group>";
		};
		340F3C8B17EA119F00491CCB /* Supporting Files */ = {
			isa = PBXGroup;
			children = (
				340F3C8C17EA119F00491CCB /* MeetBallApp Tests-Info.plist */,
				340F3C8D17EA119F00491CCB /* InfoPlist.strings */,
				340F3C9217EA119F00491CCB /* MeetBallApp Tests-Prefix.pch */,
			);
			name = "Supporting Files";
			sourceTree = "<group>";
		};
		343491F517CFA74F00C857F8 /* Models */ = {
			isa = PBXGroup;
			children = (
				3495815617CE43980050A47D /* MBUser.h */,
				3495815717CE43980050A47D /* MBUser.m */,
				34AF8CF217D696690090D826 /* MeetBalls.h */,
				34AF8CF317D696690090D826 /* MeetBalls.m */,
				340F3C5417E8C73700491CCB /* MBPerson.h */,
				340F3C5517E8C73700491CCB /* MBPerson.m */,
				34974E6117F203DD00D0BA84 /* MBInvitee.h */,
				34974E6217F203DD00D0BA84 /* MBInvitee.m */,
				34974E6817F35E5200D0BA84 /* MBMeetBall.h */,
				34974E6917F35E5200D0BA84 /* MBMeetBall.m */,
			);
			name = Models;
			path = ..;
			sourceTree = "<group>";
		};
		343491FA17D0E26000C857F8 /* Common */ = {
			isa = PBXGroup;
			children = (
				343491F517CFA74F00C857F8 /* Models */,
				3434920317D0E88700C857F8 /* MBCredentialManager.h */,
				3434920417D0E88700C857F8 /* MBCredentialManager.m */,
				34CEA38717E0C3A6008BEDE5 /* MBAnnotation.h */,
				34CEA38817E0C3A6008BEDE5 /* MBAnnotation.m */,
				3445C9BF17D905E100399715 /* MBMenuView.h */,
				3445C9C017D905E100399715 /* MBMenuView.m */,
				3445C9C217D905F300399715 /* MBMenuView.xib */,
				3473046117E209590026CE10 /* MBMenuNavigator.h */,
				3473046217E209590026CE10 /* MBMenuNavigator.m */,
				340F3C5D17E9FB2000491CCB /* MBWebServiceManager.h */,
				340F3C5E17E9FB2000491CCB /* MBWebServiceManager.m */,
				340F3C6317EA010100491CCB /* MBWebServiceConstants.h */,
				340F3C6417EA010100491CCB /* MBWebServiceConstants.m */,
				340F3CCB17EB47B000491CCB /* MBMathBlock.h */,
				340F3CCC17EB47B000491CCB /* MBMathBlock.m */,
				34DA7FEE17EB9CDE005E76B2 /* NSManagedObject+MRImportAdditions.h */,
				34DA7FEF17EB9CDE005E76B2 /* NSManagedObject+MRImportAdditions.m */,
			);
			name = Common;
			sourceTree = "<group>";
		};
		3446716F17CD244D00469B39 /* Resources */ = {
			isa = PBXGroup;
			children = (
				3473044517E0D42F0026CE10 /* Images.xcassets */,
				340F3C4217E8B18D00491CCB /* female_face.png */,
				340F3C4317E8B18D00491CCB /* male_face.jpg */,
				340F3C4617E8B1FF00491CCB /* Dan-Farris-003.jpg */,
				340F3C4717E8B1FF00491CCB /* dominic.jpg */,
				340F3C4817E8B1FF00491CCB /* naa.jpeg */,
				3446717817CD273600469B39 /* wsresources_prod.plist */,
				3495816D17CE5C230050A47D /* wsresources_dev.plist */,
			);
			name = Resources;
			sourceTree = "<group>";
		};
		346599DF17DE7D45007CAE61 /* Menu Items */ = {
			isa = PBXGroup;
			children = (
				34974E5B17F1EA6800D0BA84 /* Help */,
				3473046417E22C390026CE10 /* My MeetBalls */,
				340F3C4C17E8BA2B00491CCB /* Team Roster */,
				340F3C5717E8CDED00491CCB /* Profile */,
				340F3C5A17E8CE9E00491CCB /* Settings */,
			);
			name = "Menu Items";
			sourceTree = "<group>";
		};
		3473046417E22C390026CE10 /* My MeetBalls */ = {
			isa = PBXGroup;
			children = (
				3473045217E10EDA0026CE10 /* myMeetBallsStoryBoard.storyboard */,
				3473044F17E10EC30026CE10 /* MBMyMeetBallsViewController.h */,
				3473045017E10EC30026CE10 /* MBMyMeetBallsViewController.m */,
				34974E6517F35DDD00D0BA84 /* MBMyMeetBallsCommunicator.h */,
				34974E6617F35DDD00D0BA84 /* MBMyMeetBallsCommunicator.m */,
				3473046517E248210026CE10 /* MBMeetBallDetailViewController.h */,
				3473046617E248210026CE10 /* MBMeetBallDetailViewController.m */,
				3473045617E1167B0026CE10 /* meetBallListTableViewCell.h */,
				3473045717E1167B0026CE10 /* meetBallListTableViewCell.m */,
				3473045417E10F9B0026CE10 /* meetBallListTableViewCell.xib */,
				3473045917E116D50026CE10 /* MBCommentsCollectionView.h */,
				3473045A17E116D50026CE10 /* MBCommentsCollectionView.m */,
				3473045C17E11A3E0026CE10 /* commentsCollectionViewCell.h */,
				3473045D17E11A3E0026CE10 /* commentsCollectionViewCell.m */,
				3473045F17E11A510026CE10 /* commentsCollectionViewCell.xib */,
				347E418817EB783E004C16EF /* MBTipView.h */,
				347E418917EB783E004C16EF /* MBTipView.m */,
				340F3CCF17EB738300491CCB /* MBTipView.xib */,
			);
			name = "My MeetBalls";
			sourceTree = "<group>";
		};
		347BBD2917CCE92B00BE0E85 = {
			isa = PBXGroup;
			children = (
				3446716F17CD244D00469B39 /* Resources */,
				347BBD3B17CCE92B00BE0E85 /* MeetBallApp */,
				340F3C8A17EA119F00491CCB /* MeetBallApp Tests */,
				347BBD3417CCE92B00BE0E85 /* Frameworks */,
				347BBD3317CCE92B00BE0E85 /* Products */,
				2BE6291DE139430690C1E728 /* Pods.xcconfig */,
			);
			sourceTree = "<group>";
		};
		347BBD3317CCE92B00BE0E85 /* Products */ = {
			isa = PBXGroup;
			children = (
				347BBD3217CCE92B00BE0E85 /* MeetBall Lite.app */,
				340F3C8617EA119F00491CCB /* MeetBallApp Tests.xctest */,
			);
			name = Products;
			sourceTree = "<group>";
		};
		347BBD3417CCE92B00BE0E85 /* Frameworks */ = {
			isa = PBXGroup;
			children = (
				340F3CBF17EA143700491CCB /* libPods-AFNetworking.a */,
				340F3CC017EA143700491CCB /* libPods-Facebook-iOS-SDK.a */,
				340F3CC117EA143700491CCB /* libPods-MagicalRecord.a */,
				340F3CC217EA143700491CCB /* libPods-SVProgressHUD.a */,
				340F3CC317EA143700491CCB /* libPods-TestFlightSDK.a */,
				340F3C7517EA096300491CCB /* XCTest.framework */,
				340F3C5217E8C56C00491CCB /* AddressBookUI.framework */,
				3477701717E7593200E804FE /* CoreImage.framework */,
				34DE22BE17E3788600B99554 /* QuartzCore.framework */,
				3473044417E0D2CD0026CE10 /* libPods.a */,
				3473044217E0D2CC0026CE10 /* libPods.a */,
				346599DC17DE6856007CAE61 /* MapKit.framework */,
				3446717B17CD465D00469B39 /* Security.framework */,
				3446716D17CD22B900469B39 /* libz.dylib */,
				34C70D8517CD152C001AE7D2 /* TestFlightSDK2.0.0 */,
				34C70D7F17CD07B5001AE7D2 /* Social.framework */,
				34C70D7D17CD0780001AE7D2 /* Accounts.framework */,
				34C70D7B17CD0747001AE7D2 /* CoreData.framework */,
				34C70D7817CD06C5001AE7D2 /* AddressBook.framework */,
				34C70D7517CD06A1001AE7D2 /* CoreLocation.framework */,
				347BBD3517CCE92B00BE0E85 /* UIKit.framework */,
				347BBD3717CCE92B00BE0E85 /* Foundation.framework */,
				347BBD3917CCE92B00BE0E85 /* CoreGraphics.framework */,
				347BBD5917CCE92B00BE0E85 /* SenTestingKit.framework */,
				161DEAD26C1043BC9F84DB02 /* libPods.a */,
			);
			name = Frameworks;
			sourceTree = "<group>";
		};
		347BBD3B17CCE92B00BE0E85 /* MeetBallApp */ = {
			isa = PBXGroup;
			children = (
				343491FA17D0E26000C857F8 /* Common */,
				346599DF17DE7D45007CAE61 /* Menu Items */,
				347BBD7A17CCF49C00BE0E85 /* Main */,
				347BBD4417CCE92B00BE0E85 /* MBAppDelegate.h */,
				347BBD4517CCE92B00BE0E85 /* MBAppDelegate.m */,
				347BBD7017CCEFBE00BE0E85 /* landing/login flow */,
				347BBD3C17CCE92B00BE0E85 /* Supporting Files */,
			);
			path = MeetBallApp;
			sourceTree = "<group>";
		};
		347BBD3C17CCE92B00BE0E85 /* Supporting Files */ = {
			isa = PBXGroup;
			children = (
				347BBD3D17CCE92B00BE0E85 /* MeetBallApp-Info.plist */,
				347BBD3E17CCE92B00BE0E85 /* InfoPlist.strings */,
				347BBD4117CCE92B00BE0E85 /* main.m */,
				347BBD4317CCE92B00BE0E85 /* MeetBallApp-Prefix.pch */,
				3495815A17CE47400050A47D /* MeetBall.xcdatamodeld */,
			);
			name = "Supporting Files";
			sourceTree = "<group>";
		};
		347BBD7017CCEFBE00BE0E85 /* landing/login flow */ = {
			isa = PBXGroup;
			children = (
				347BBD4D17CCE92B00BE0E85 /* loginFlow.storyboard */,
				347BBD5017CCE92B00BE0E85 /* MBLandingScreenViewController.h */,
				347BBD5117CCE92B00BE0E85 /* MBLandingScreenViewController.m */,
				347BBD7117CCEFE500BE0E85 /* MBLoginViewController.h */,
				347BBD7217CCEFE500BE0E85 /* MBLoginViewController.m */,
				34AF8CEE17D68B980090D826 /* MBForgotPasswordViewController.h */,
				34AF8CEF17D68B990090D826 /* MBForgotPasswordViewController.m */,
				3495815E17CE4AE10050A47D /* MBDataImporter.h */,
				3495815F17CE4AE10050A47D /* MBDataImporter.m */,
				3495816917CE502E0050A47D /* MBDataCommunicator.h */,
				3495816A17CE502E0050A47D /* MBDataCommunicator.m */,
				347BBD7517CCF1F300BE0E85 /* MBSuitUpViewController.h */,
				347BBD7617CCF1F300BE0E85 /* MBSuitUpViewController.m */,
				347BBD7B17CCF7CD00BE0E85 /* MBSuitUpCell.h */,
				347BBD7C17CCF7CD00BE0E85 /* MBSuitUpCell.m */,
				347BBD7E17CCF7E900BE0E85 /* MBSuitUpCell.xib */,
			);
			name = "landing/login flow";
			sourceTree = "<group>";
		};
		347BBD7A17CCF49C00BE0E85 /* Main */ = {
			isa = PBXGroup;
			children = (
				3446717D17CD543400469B39 /* homeStoryBoard.storyboard */,
				3446717F17CD545B00469B39 /* MBHomeViewController.h */,
				3446718017CD545B00469B39 /* MBHomeViewController.m */,
				3445C9B817D8E4AA00399715 /* MBFriendsCollectionView.h */,
				3445C9B917D8E4AA00399715 /* MBFriendsCollectionView.m */,
				344B514A17DA74E4000F31FB /* MBDetailsViewController.h */,
				344B514B17DA74E4000F31FB /* MBDetailsViewController.m */,
				34AF8CF617D698F60090D826 /* MBHomeDataCommunicator.h */,
				34AF8CF717D698F60090D826 /* MBHomeDataCommunicator.m */,
				346599D617DE5DC0007CAE61 /* MBHomeMeetBallCollectionViewCell.xib */,
				346599D817DE5F3E007CAE61 /* MBHomeMeetBallCollectionViewCell.h */,
				346599D917DE5F3E007CAE61 /* MBHomeMeetBallCollectionViewCell.m */,
				3445C9A817D8CDB700399715 /* MBEventCollectionViewCell.xib */,
				3445C9B417D8D33D00399715 /* MBEventCollectionViewCell.h */,
				3445C9B517D8D33D00399715 /* MBEventCollectionViewCell.m */,
			);
			name = Main;
			sourceTree = "<group>";
		};
		34974E5B17F1EA6800D0BA84 /* Help */ = {
			isa = PBXGroup;
			children = (
				34974E5F17F1EA7600D0BA84 /* HelpStoryboard.storyboard */,
				34974E5C17F1EA7200D0BA84 /* MBHelpViewController.h */,
				34974E5D17F1EA7200D0BA84 /* MBHelpViewController.m */,
			);
			name = Help;
			sourceTree = "<group>";
		};
		34C70D8517CD152C001AE7D2 /* TestFlightSDK2.0.0 */ = {
			isa = PBXGroup;
			children = (
				34C70D8617CD152C001AE7D2 /* libTestFlight.a */,
				34C70D8717CD152C001AE7D2 /* README.md */,
				34C70D8817CD152C001AE7D2 /* release_notes.md */,
				34C70D8917CD152C001AE7D2 /* TestFlight+AsyncLogging.h */,
				34C70D8A17CD152C001AE7D2 /* TestFlight+ManualSessions.h */,
				34C70D8B17CD152C001AE7D2 /* TestFlight.h */,
			);
			path = TestFlightSDK2.0.0;
			sourceTree = "<group>";
		};
/* End PBXGroup section */

/* Begin PBXNativeTarget section */
		340F3C8517EA119F00491CCB /* MeetBallApp Tests */ = {
			isa = PBXNativeTarget;
			buildConfigurationList = 340F3C9517EA119F00491CCB /* Build configuration list for PBXNativeTarget "MeetBallApp Tests" */;
			buildPhases = (
				340F3C8217EA119F00491CCB /* Sources */,
				340F3C8317EA119F00491CCB /* Frameworks */,
				340F3C8417EA119F00491CCB /* Resources */,
			);
			buildRules = (
			);
			dependencies = (
				340F3C9417EA119F00491CCB /* PBXTargetDependency */,
			);
			name = "MeetBallApp Tests";
			productName = "MeetBallApp Tests";
			productReference = 340F3C8617EA119F00491CCB /* MeetBallApp Tests.xctest */;
			productType = "com.apple.product-type.bundle.unit-test";
		};
		347BBD3117CCE92B00BE0E85 /* MeetBallApp */ = {
			isa = PBXNativeTarget;
			buildConfigurationList = 347BBD6A17CCE92B00BE0E85 /* Build configuration list for PBXNativeTarget "MeetBallApp" */;
			buildPhases = (
				5FEDFEE2593940309EC8E585 /* Check Pods Manifest.lock */,
				347BBD2E17CCE92B00BE0E85 /* Sources */,
				347BBD2F17CCE92B00BE0E85 /* Frameworks */,
				347BBD3017CCE92B00BE0E85 /* Resources */,
				ADD43F8F4CCB42398C67169D /* Copy Pods Resources */,
			);
			buildRules = (
			);
			dependencies = (
			);
			name = MeetBallApp;
			productName = MeetBallApp;
			productReference = 347BBD3217CCE92B00BE0E85 /* MeetBall Lite.app */;
			productType = "com.apple.product-type.application";
		};
/* End PBXNativeTarget section */

/* Begin PBXProject section */
		347BBD2A17CCE92B00BE0E85 /* Project object */ = {
			isa = PBXProject;
			attributes = {
				CLASSPREFIX = MB;
				LastUpgradeCheck = 0460;
				ORGANIZATIONNAME = MeetBall;
				TargetAttributes = {
					347BBD3117CCE92B00BE0E85 = {
						DevelopmentTeam = G5QMKBE589;
					};
				};
			};
			buildConfigurationList = 347BBD2D17CCE92B00BE0E85 /* Build configuration list for PBXProject "MeetBallApp" */;
			compatibilityVersion = "Xcode 3.2";
			developmentRegion = English;
			hasScannedForEncodings = 0;
			knownRegions = (
				en,
			);
			mainGroup = 347BBD2917CCE92B00BE0E85;
			productRefGroup = 347BBD3317CCE92B00BE0E85 /* Products */;
			projectDirPath = "";
			projectRoot = "";
			targets = (
				347BBD3117CCE92B00BE0E85 /* MeetBallApp */,
				340F3C8517EA119F00491CCB /* MeetBallApp Tests */,
			);
		};
/* End PBXProject section */

/* Begin PBXResourcesBuildPhase section */
		340F3C8417EA119F00491CCB /* Resources */ = {
			isa = PBXResourcesBuildPhase;
			buildActionMask = 2147483647;
			files = (
				340F3C8F17EA119F00491CCB /* InfoPlist.strings in Resources */,
			);
			runOnlyForDeploymentPostprocessing = 0;
		};
		347BBD3017CCE92B00BE0E85 /* Resources */ = {
			isa = PBXResourcesBuildPhase;
			buildActionMask = 2147483647;
			files = (
				347BBD4017CCE92B00BE0E85 /* InfoPlist.strings in Resources */,
				340F3C4A17E8B1FF00491CCB /* dominic.jpg in Resources */,
				340F3C4917E8B1FF00491CCB /* Dan-Farris-003.jpg in Resources */,
				340F3C4417E8B18D00491CCB /* female_face.png in Resources */,
				340F3C5917E8CE1A00491CCB /* ProfileStoryboard.storyboard in Resources */,
				347BBD4F17CCE92B00BE0E85 /* loginFlow.storyboard in Resources */,
				340F3C5C17E8CEAC00491CCB /* SettingsStoryboard.storyboard in Resources */,
				340F3C4E17E8BA3D00491CCB /* TeamRosterStoryboard.storyboard in Resources */,
				347BBD7F17CCF7E900BE0E85 /* MBSuitUpCell.xib in Resources */,
				3473045317E10EDA0026CE10 /* myMeetBallsStoryBoard.storyboard in Resources */,
				34C70D8D17CD152C001AE7D2 /* README.md in Resources */,
				340F3C4B17E8B1FF00491CCB /* naa.jpeg in Resources */,
				34C70D8E17CD152C001AE7D2 /* release_notes.md in Resources */,
				3473044617E0D42F0026CE10 /* Images.xcassets in Resources */,
				34974E6017F1EA7600D0BA84 /* HelpStoryboard.storyboard in Resources */,
				3446717917CD273600469B39 /* wsresources_prod.plist in Resources */,
				340F3C4517E8B18D00491CCB /* male_face.jpg in Resources */,
				3446717E17CD543400469B39 /* homeStoryBoard.storyboard in Resources */,
				3495816E17CE5C230050A47D /* wsresources_dev.plist in Resources */,
				3495817417CE62880050A47D /* MeetBallApp-Info.plist in Resources */,
				340F3CD017EB738300491CCB /* MBTipView.xib in Resources */,
				3473045517E10F9B0026CE10 /* meetBallListTableViewCell.xib in Resources */,
				3445C9A917D8CDB700399715 /* MBEventCollectionViewCell.xib in Resources */,
				3445C9C317D905F300399715 /* MBMenuView.xib in Resources */,
				3473046017E11A510026CE10 /* commentsCollectionViewCell.xib in Resources */,
				346599D717DE5DC0007CAE61 /* MBHomeMeetBallCollectionViewCell.xib in Resources */,
			);
			runOnlyForDeploymentPostprocessing = 0;
		};
/* End PBXResourcesBuildPhase section */

/* Begin PBXShellScriptBuildPhase section */
		5FEDFEE2593940309EC8E585 /* Check Pods Manifest.lock */ = {
			isa = PBXShellScriptBuildPhase;
			buildActionMask = 2147483647;
			files = (
			);
			inputPaths = (
			);
			name = "Check Pods Manifest.lock";
			outputPaths = (
			);
			runOnlyForDeploymentPostprocessing = 0;
			shellPath = /bin/sh;
			shellScript = "diff \"${PODS_ROOT}/../Podfile.lock\" \"${PODS_ROOT}/Manifest.lock\" > /dev/null\nif [[ $? != 0 ]] ; then\n    cat << EOM\nerror: The sandbox is not in sync with the Podfile.lock. Run 'pod install' or update your CocoaPods installation.\nEOM\n    exit 1\nfi\n";
			showEnvVarsInLog = 0;
		};
		ADD43F8F4CCB42398C67169D /* Copy Pods Resources */ = {
			isa = PBXShellScriptBuildPhase;
			buildActionMask = 2147483647;
			files = (
			);
			inputPaths = (
			);
			name = "Copy Pods Resources";
			outputPaths = (
			);
			runOnlyForDeploymentPostprocessing = 0;
			shellPath = /bin/sh;
			shellScript = "\"${SRCROOT}/Pods/Pods-resources.sh\"\n";
			showEnvVarsInLog = 0;
		};
/* End PBXShellScriptBuildPhase section */

/* Begin PBXSourcesBuildPhase section */
		340F3C8217EA119F00491CCB /* Sources */ = {
			isa = PBXSourcesBuildPhase;
			buildActionMask = 2147483647;
			files = (
				340F3CCE17EB47B000491CCB /* MBMathBlock.m in Sources */,
				340F3CB917EA13FB00491CCB /* MBLoginViewController.m in Sources */,
				340F3CAC17EA134000491CCB /* MBMyMeetBallsViewController.m in Sources */,
				340F3CB317EA135B00491CCB /* MBFriendsCollectionView.m in Sources */,
				340F3C9917EA11F500491CCB /* MBWebServiceManager.m in Sources */,
				340F3CAA17EA133600491CCB /* MBMenuView.m in Sources */,
				340F3CA817EA133100491CCB /* MBCredentialManager.m in Sources */,
				340F3CAD17EA134200491CCB /* MBMeetBallDetailViewController.m in Sources */,
				340F3CA717EA132F00491CCB /* MBPerson.m in Sources */,
				340F3CBC17EA140400491CCB /* MBDataCommunicator.m in Sources */,
				34974E6417F203DD00D0BA84 /* MBInvitee.m in Sources */,
				340F3CB117EA134F00491CCB /* MBTeamRoserViewController.m in Sources */,
				340F3CB417EA135D00491CCB /* MBDetailsViewController.m in Sources */,
				340F3CC917EA252A00491CCB /* MBLandingScreenViewController.m in Sources */,
				340F3CA917EA133400491CCB /* MBAnnotation.m in Sources */,
				340F3CBB17EA140200491CCB /* MBDataImporter.m in Sources */,
				340F3CA617EA132D00491CCB /* MeetBalls.m in Sources */,
				340F3CB217EA135800491CCB /* MBHomeViewController.m in Sources */,
				340F3CB617EA136200491CCB /* MBHomeMeetBallCollectionViewCell.m in Sources */,
				340F3CA517EA132A00491CCB /* MBUser.m in Sources */,
				340F3CB717EA136500491CCB /* MBEventCollectionViewCell.m in Sources */,
				340F3CBE17EA140A00491CCB /* MBSuitUpCell.m in Sources */,
				340F3C9A17EA11F800491CCB /* MBWebServiceConstants.m in Sources */,
				340F3CB017EA134C00491CCB /* commentsCollectionViewCell.m in Sources */,
				340F3CAE17EA134500491CCB /* meetBallListTableViewCell.m in Sources */,
				340F3C9817EA11AE00491CCB /* MBWebServiceManagerTests.m in Sources */,
				340F3CBD17EA140600491CCB /* MBSuitUpViewController.m in Sources */,
				340F3CAB17EA133900491CCB /* MBMenuNavigator.m in Sources */,
				34974E6B17F35E5200D0BA84 /* MBMeetBall.m in Sources */,
				340F3CBA17EA13FF00491CCB /* MBForgotPasswordViewController.m in Sources */,
				340F3CB517EA136000491CCB /* MBHomeDataCommunicator.m in Sources */,
				340F3CAF17EA134900491CCB /* MBCommentsCollectionView.m in Sources */,
			);
			runOnlyForDeploymentPostprocessing = 0;
		};
		347BBD2E17CCE92B00BE0E85 /* Sources */ = {
			isa = PBXSourcesBuildPhase;
			buildActionMask = 2147483647;
			files = (
				347BBD4217CCE92B00BE0E85 /* main.m in Sources */,
				34974E5717F1EA6000D0BA84 /* MBProfileViewController.m in Sources */,
				347BBD4617CCE92B00BE0E85 /* MBAppDelegate.m in Sources */,
				340F3C5117E8BB8700491CCB /* MBTeamRoserViewController.m in Sources */,
				34974E5A17F1EA6500D0BA84 /* MBSettingsViewController.m in Sources */,
				347BBD5217CCE92B00BE0E85 /* MBLandingScreenViewController.m in Sources */,
				347BBD7317CCEFE500BE0E85 /* MBLoginViewController.m in Sources */,
				347BBD7717CCF1F300BE0E85 /* MBSuitUpViewController.m in Sources */,
				347BBD7D17CCF7CD00BE0E85 /* MBSuitUpCell.m in Sources */,
				3446718117CD545B00469B39 /* MBHomeViewController.m in Sources */,
				3473046317E209590026CE10 /* MBMenuNavigator.m in Sources */,
				3495815817CE43980050A47D /* MBUser.m in Sources */,
				3495815C17CE47400050A47D /* MeetBall.xcdatamodeld in Sources */,
				34CEA38917E0C3A6008BEDE5 /* MBAnnotation.m in Sources */,
				340F3CCD17EB47B000491CCB /* MBMathBlock.m in Sources */,
				3495816017CE4AE10050A47D /* MBDataImporter.m in Sources */,
				34974E5E17F1EA7200D0BA84 /* MBHelpViewController.m in Sources */,
				3473045117E10EC30026CE10 /* MBMyMeetBallsViewController.m in Sources */,
				34DA7FF017EB9CDE005E76B2 /* NSManagedObject+MRImportAdditions.m in Sources */,
				3495816B17CE502E0050A47D /* MBDataCommunicator.m in Sources */,
				340F3C5F17E9FB2000491CCB /* MBWebServiceManager.m in Sources */,
				347E418A17EB783E004C16EF /* MBTipView.m in Sources */,
				3434920517D0E88700C857F8 /* MBCredentialManager.m in Sources */,
				340F3C6517EA010100491CCB /* MBWebServiceConstants.m in Sources */,
				34AF8CF017D68B990090D826 /* MBForgotPasswordViewController.m in Sources */,
				34AF8CF417D696690090D826 /* MeetBalls.m in Sources */,
				3473045817E1167B0026CE10 /* meetBallListTableViewCell.m in Sources */,
				3473045B17E116D50026CE10 /* MBCommentsCollectionView.m in Sources */,
				340F3C5617E8C73700491CCB /* MBPerson.m in Sources */,
				34AF8CF817D698F60090D826 /* MBHomeDataCommunicator.m in Sources */,
				3445C9B617D8D33D00399715 /* MBEventCollectionViewCell.m in Sources */,
				34974E6717F35DDD00D0BA84 /* MBMyMeetBallsCommunicator.m in Sources */,
				34974E6317F203DD00D0BA84 /* MBInvitee.m in Sources */,
				3473045E17E11A3E0026CE10 /* commentsCollectionViewCell.m in Sources */,
				3445C9BA17D8E4AA00399715 /* MBFriendsCollectionView.m in Sources */,
				3445C9C117D905E100399715 /* MBMenuView.m in Sources */,
				34974E6A17F35E5200D0BA84 /* MBMeetBall.m in Sources */,
				344B514C17DA74E4000F31FB /* MBDetailsViewController.m in Sources */,
				3473046717E248210026CE10 /* MBMeetBallDetailViewController.m in Sources */,
				346599DA17DE5F3E007CAE61 /* MBHomeMeetBallCollectionViewCell.m in Sources */,
			);
			runOnlyForDeploymentPostprocessing = 0;
		};
/* End PBXSourcesBuildPhase section */

/* Begin PBXTargetDependency section */
		340F3C9417EA119F00491CCB /* PBXTargetDependency */ = {
			isa = PBXTargetDependency;
			target = 347BBD3117CCE92B00BE0E85 /* MeetBallApp */;
			targetProxy = 340F3C9317EA119F00491CCB /* PBXContainerItemProxy */;
		};
/* End PBXTargetDependency section */

/* Begin PBXVariantGroup section */
		340F3C8D17EA119F00491CCB /* InfoPlist.strings */ = {
			isa = PBXVariantGroup;
			children = (
				340F3C8E17EA119F00491CCB /* en */,
			);
			name = InfoPlist.strings;
			sourceTree = "<group>";
		};
		347BBD3E17CCE92B00BE0E85 /* InfoPlist.strings */ = {
			isa = PBXVariantGroup;
			children = (
				347BBD3F17CCE92B00BE0E85 /* en */,
			);
			name = InfoPlist.strings;
			sourceTree = "<group>";
		};
		347BBD4D17CCE92B00BE0E85 /* loginFlow.storyboard */ = {
			isa = PBXVariantGroup;
			children = (
				347BBD4E17CCE92B00BE0E85 /* en */,
			);
			name = loginFlow.storyboard;
			sourceTree = "<group>";
		};
/* End PBXVariantGroup section */

/* Begin XCBuildConfiguration section */
		340F3C9617EA119F00491CCB /* Debug */ = {
			isa = XCBuildConfiguration;
			baseConfigurationReference = 2BE6291DE139430690C1E728 /* Pods.xcconfig */;
			buildSettings = {
				ARCHS = "$(ARCHS_STANDARD)";
				CLANG_ENABLE_MODULES = YES;
				CLANG_WARN_BOOL_CONVERSION = YES;
				CLANG_WARN_DIRECT_OBJC_ISA_USAGE = YES_ERROR;
				CLANG_WARN_OBJC_ROOT_CLASS = YES_ERROR;
				FRAMEWORK_SEARCH_PATHS = (
					"$(SDKROOT)/Developer/Library/Frameworks",
					"$(inherited)",
					"$(DEVELOPER_FRAMEWORKS_DIR)",
				);
				GCC_PRECOMPILE_PREFIX_HEADER = YES;
				GCC_PREFIX_HEADER = "MeetBallApp Tests/MeetBallApp Tests-Prefix.pch";
				GCC_PREPROCESSOR_DEFINITIONS = (
					"DEBUG=1",
					"$(inherited)",
				);
				GCC_WARN_64_TO_32_BIT_CONVERSION = YES;
				GCC_WARN_ABOUT_RETURN_TYPE = YES_ERROR;
				GCC_WARN_UNDECLARED_SELECTOR = YES;
				GCC_WARN_UNUSED_FUNCTION = YES;
				INFOPLIST_FILE = "MeetBallApp Tests/MeetBallApp Tests-Info.plist";
				IPHONEOS_DEPLOYMENT_TARGET = 7.0;
				LIBRARY_SEARCH_PATHS = (
					"$(inherited)",
					"/Users/dominicmacanas/Desktop/MeetBallApp/Build/Products/Debug-iphoneos",
				);
				ONLY_ACTIVE_ARCH = NO;
				PRODUCT_NAME = "$(TARGET_NAME)";
				WRAPPER_EXTENSION = xctest;
			};
			name = Debug;
		};
		340F3C9717EA119F00491CCB /* Release */ = {
			isa = XCBuildConfiguration;
			baseConfigurationReference = 2BE6291DE139430690C1E728 /* Pods.xcconfig */;
			buildSettings = {
				ARCHS = "$(ARCHS_STANDARD)";
				CLANG_ENABLE_MODULES = YES;
				CLANG_WARN_BOOL_CONVERSION = YES;
				CLANG_WARN_DIRECT_OBJC_ISA_USAGE = YES_ERROR;
				CLANG_WARN_OBJC_ROOT_CLASS = YES_ERROR;
				ENABLE_NS_ASSERTIONS = NO;
				FRAMEWORK_SEARCH_PATHS = (
					"$(SDKROOT)/Developer/Library/Frameworks",
					"$(inherited)",
					"$(DEVELOPER_FRAMEWORKS_DIR)",
				);
				GCC_PRECOMPILE_PREFIX_HEADER = YES;
				GCC_PREFIX_HEADER = "MeetBallApp Tests/MeetBallApp Tests-Prefix.pch";
				GCC_WARN_64_TO_32_BIT_CONVERSION = YES;
				GCC_WARN_ABOUT_RETURN_TYPE = YES_ERROR;
				GCC_WARN_UNDECLARED_SELECTOR = YES;
				GCC_WARN_UNUSED_FUNCTION = YES;
				INFOPLIST_FILE = "MeetBallApp Tests/MeetBallApp Tests-Info.plist";
				IPHONEOS_DEPLOYMENT_TARGET = 7.0;
				LIBRARY_SEARCH_PATHS = (
					"$(inherited)",
					"/Users/dominicmacanas/Desktop/MeetBallApp/Build/Products/Debug-iphoneos",
				);
				ONLY_ACTIVE_ARCH = NO;
				PRODUCT_NAME = "$(TARGET_NAME)";
				WRAPPER_EXTENSION = xctest;
			};
			name = Release;
		};
		347BBD6817CCE92B00BE0E85 /* Debug */ = {
			isa = XCBuildConfiguration;
			buildSettings = {
				ALWAYS_SEARCH_USER_PATHS = NO;
				CLANG_CXX_LANGUAGE_STANDARD = "gnu++0x";
				CLANG_CXX_LIBRARY = "libc++";
				CLANG_ENABLE_OBJC_ARC = YES;
				CLANG_WARN_CONSTANT_CONVERSION = YES;
				CLANG_WARN_EMPTY_BODY = YES;
				CLANG_WARN_ENUM_CONVERSION = YES;
				CLANG_WARN_INT_CONVERSION = YES;
				CLANG_WARN__DUPLICATE_METHOD_MATCH = YES;
				CODE_SIGN_IDENTITY = "iPhone Developer: Colleen Carlo (48369UQJQ2)";
				"CODE_SIGN_IDENTITY[sdk=iphoneos*]" = "iPhone Developer: Colleen Carlo (48369UQJQ2)";
				COPY_PHASE_STRIP = NO;
				GCC_C_LANGUAGE_STANDARD = gnu99;
				GCC_DYNAMIC_NO_PIC = NO;
				GCC_OPTIMIZATION_LEVEL = 0;
				GCC_PREPROCESSOR_DEFINITIONS = (
					"DEBUG=1",
					"$(inherited)",
				);
				GCC_SYMBOLS_PRIVATE_EXTERN = NO;
				GCC_WARN_ABOUT_RETURN_TYPE = YES;
				GCC_WARN_UNINITIALIZED_AUTOS = YES;
				GCC_WARN_UNUSED_VARIABLE = YES;
				IPHONEOS_DEPLOYMENT_TARGET = 7.0;
				ONLY_ACTIVE_ARCH = YES;
				SDKROOT = iphoneos;
			};
			name = Debug;
		};
		347BBD6917CCE92B00BE0E85 /* Release */ = {
			isa = XCBuildConfiguration;
			buildSettings = {
				ALWAYS_SEARCH_USER_PATHS = NO;
				CLANG_CXX_LANGUAGE_STANDARD = "gnu++0x";
				CLANG_CXX_LIBRARY = "libc++";
				CLANG_ENABLE_OBJC_ARC = YES;
				CLANG_WARN_CONSTANT_CONVERSION = YES;
				CLANG_WARN_EMPTY_BODY = YES;
				CLANG_WARN_ENUM_CONVERSION = YES;
				CLANG_WARN_INT_CONVERSION = YES;
				CLANG_WARN__DUPLICATE_METHOD_MATCH = YES;
				CODE_SIGN_IDENTITY = "iPhone Distribution: MeetBall LLC (G5QMKBE589)";
				"CODE_SIGN_IDENTITY[sdk=iphoneos*]" = "iPhone Distribution: MeetBall LLC (G5QMKBE589)";
				COPY_PHASE_STRIP = YES;
				GCC_C_LANGUAGE_STANDARD = gnu99;
				GCC_WARN_ABOUT_RETURN_TYPE = YES;
				GCC_WARN_UNINITIALIZED_AUTOS = YES;
				GCC_WARN_UNUSED_VARIABLE = YES;
				IPHONEOS_DEPLOYMENT_TARGET = 7.0;
				ONLY_ACTIVE_ARCH = YES;
				OTHER_CFLAGS = "-DNS_BLOCK_ASSERTIONS=1";
				SDKROOT = iphoneos;
				VALIDATE_PRODUCT = YES;
			};
			name = Release;
		};
		347BBD6B17CCE92B00BE0E85 /* Debug */ = {
			isa = XCBuildConfiguration;
			baseConfigurationReference = 2BE6291DE139430690C1E728 /* Pods.xcconfig */;
			buildSettings = {
				ARCHS = "$(ARCHS_STANDARD)";
				ASSETCATALOG_COMPILER_APPICON_NAME = AppIcon;
				ASSETCATALOG_COMPILER_LAUNCHIMAGE_NAME = LaunchImage;
				CODE_SIGN_IDENTITY = "iPhone Developer: Colleen Carlo (48369UQJQ2)";
				"CODE_SIGN_IDENTITY[sdk=iphoneos*]" = "iPhone Developer: Colleen Carlo (48369UQJQ2)";
				FRAMEWORK_SEARCH_PATHS = (
					"$(inherited)",
					"$(DEVELOPER_FRAMEWORKS_DIR)",
				);
				GCC_PRECOMPILE_PREFIX_HEADER = YES;
				GCC_PREFIX_HEADER = "MeetBallApp/MeetBallApp-Prefix.pch";
				INFOPLIST_FILE = "MeetBallApp/MeetBallApp-Info.plist";
				IPHONEOS_DEPLOYMENT_TARGET = 7.0;
				LIBRARY_SEARCH_PATHS = (
					"$(inherited)",
					"\\\"$(SRCROOT)/TestFlightSDK2.0.0\\\"",
					"/Users/dominicmacanas/Desktop/MeetBallApp/Pods/build/Debug-iphoneos",
				);
				PRODUCT_NAME = "MeetBall Lite";
				PROVISIONING_PROFILE = "EED67EEE-4FCA-4340-8FB9-1F4FDA174FC9";
				TARGETED_DEVICE_FAMILY = 1;
				WRAPPER_EXTENSION = app;
			};
			name = Debug;
		};
		347BBD6C17CCE92B00BE0E85 /* Release */ = {
			isa = XCBuildConfiguration;
			baseConfigurationReference = 2BE6291DE139430690C1E728 /* Pods.xcconfig */;
			buildSettings = {
				ARCHS = "$(ARCHS_STANDARD)";
				ASSETCATALOG_COMPILER_APPICON_NAME = AppIcon;
				ASSETCATALOG_COMPILER_LAUNCHIMAGE_NAME = LaunchImage;
				CODE_SIGN_IDENTITY = "iPhone Distribution: MeetBall LLC (G5QMKBE589)";
				"CODE_SIGN_IDENTITY[sdk=iphoneos*]" = "iPhone Distribution: MeetBall LLC (G5QMKBE589)";
				FRAMEWORK_SEARCH_PATHS = (
					"$(inherited)",
					"$(DEVELOPER_FRAMEWORKS_DIR)",
				);
				GCC_PRECOMPILE_PREFIX_HEADER = YES;
				GCC_PREFIX_HEADER = "MeetBallApp/MeetBallApp-Prefix.pch";
				INFOPLIST_FILE = "MeetBallApp/MeetBallApp-Info.plist";
				IPHONEOS_DEPLOYMENT_TARGET = 7.0;
				LIBRARY_SEARCH_PATHS = (
					"$(inherited)",
					"\\\"$(SRCROOT)/TestFlightSDK2.0.0\\\"",
					"/Users/dominicmacanas/Desktop/MeetBallApp/Pods/build/Debug-iphoneos",
				);
				PRODUCT_NAME = "MeetBall Lite";
				PROVISIONING_PROFILE = "8D569B8A-73C1-40FB-A2A2-19E959C4CC47";
				"PROVISIONING_PROFILE[sdk=iphoneos*]" = "8D569B8A-73C1-40FB-A2A2-19E959C4CC47";
				TARGETED_DEVICE_FAMILY = 1;
				WRAPPER_EXTENSION = app;
			};
			name = Release;
		};
/* End XCBuildConfiguration section */

/* Begin XCConfigurationList section */
		340F3C9517EA119F00491CCB /* Build configuration list for PBXNativeTarget "MeetBallApp Tests" */ = {
			isa = XCConfigurationList;
			buildConfigurations = (
				340F3C9617EA119F00491CCB /* Debug */,
				340F3C9717EA119F00491CCB /* Release */,
			);
			defaultConfigurationIsVisible = 0;
			defaultConfigurationName = Release;
		};
		347BBD2D17CCE92B00BE0E85 /* Build configuration list for PBXProject "MeetBallApp" */ = {
			isa = XCConfigurationList;
			buildConfigurations = (
				347BBD6817CCE92B00BE0E85 /* Debug */,
				347BBD6917CCE92B00BE0E85 /* Release */,
			);
			defaultConfigurationIsVisible = 0;
			defaultConfigurationName = Release;
		};
		347BBD6A17CCE92B00BE0E85 /* Build configuration list for PBXNativeTarget "MeetBallApp" */ = {
			isa = XCConfigurationList;
			buildConfigurations = (
				347BBD6B17CCE92B00BE0E85 /* Debug */,
				347BBD6C17CCE92B00BE0E85 /* Release */,
			);
			defaultConfigurationIsVisible = 0;
			defaultConfigurationName = Release;
		};
/* End XCConfigurationList section */

/* Begin XCVersionGroup section */
		3495815A17CE47400050A47D /* MeetBall.xcdatamodeld */ = {
			isa = XCVersionGroup;
			children = (
				3495815B17CE47400050A47D /* MeetBall.xcdatamodel */,
			);
			currentVersion = 3495815B17CE47400050A47D /* MeetBall.xcdatamodel */;
			path = MeetBall.xcdatamodeld;
			sourceTree = "<group>";
			versionGroupType = wrapper.xcdatamodel;
		};
/* End XCVersionGroup section */
	};
	rootObject = 347BBD2A17CCE92B00BE0E85 /* Project object */;
}
